<?xml version="1.0" encoding="utf-8"?>
<Project ToolsVersion="4.0" xmlns="http://schemas.microsoft.com/developer/msbuild/2003">
  <ItemGroup>
    <Filter Include="리소스 파일">
      <UniqueIdentifier>{67DA6AB6-F800-4c08-8B7A-83BB121AAD01}</UniqueIdentifier>
      <Extensions>rc;ico;cur;bmp;dlg;rc2;rct;bin;rgs;gif;jpg;jpeg;jpe;resx;tiff;tif;png;wav;mfcribbon-ms</Extensions>
    </Filter>
    <Filter Include="data">
      <UniqueIdentifier>{1a7c02d5-19f9-48c5-a05e-602577b7e49d}</UniqueIdentifier>
    </Filter>
    <Filter Include="Message">
      <UniqueIdentifier>{7a6adc4d-e897-419a-b670-37105ece92be}</UniqueIdentifier>
    </Filter>
    <Filter Include="Movement">
      <UniqueIdentifier>{d086abd8-6fcb-4c40-839c-0cd112f5c97c}</UniqueIdentifier>
    </Filter>
    <Filter Include="flatbuffers">
      <UniqueIdentifier>{dd7a7d75-0d93-450e-834c-8e053449af7d}</UniqueIdentifier>
    </Filter>
    <Filter Include="GameObject">
      <UniqueIdentifier>{73f233f1-36ab-4c41-8686-2628d242b74f}</UniqueIdentifier>
    </Filter>
  </ItemGroup>
  <ItemGroup>
    <ClCompile Include="WalkerTest.cpp">
      <Filter>Movement</Filter>
    </ClCompile>
    <ClCompile Include="Game.cpp" />
    <ClCompile Include="Map.cpp" />
    <ClCompile Include="PerfTimer.cpp" />
    <ClCompile Include="Server.cpp" />
    <ClCompile Include="World.cpp" />
    <ClCompile Include="MessageDispatcher.cpp" />
    <ClCompile Include="GameObject.cpp">
      <Filter>GameObject</Filter>
    </ClCompile>
    <ClCompile Include="Character.cpp">
      <Filter>GameObject</Filter>
    </ClCompile>
    <ClCompile Include="Monster.cpp">
      <Filter>GameObject</Filter>
    </ClCompile>
  </ItemGroup>
  <ItemGroup>
    <None Include="packages.config" />
  </ItemGroup>
  <ItemGroup>
    <ClInclude Include="Walker.h">
      <Filter>Movement</Filter>
    </ClInclude>
    <ClInclude Include="Message.h">
      <Filter>Message</Filter>
    </ClInclude>
    <ClInclude Include="Map.h" />
    <ClInclude Include="PerfTimer.h" />
    <ClInclude Include="Server.h" />
    <ClInclude Include="World.h" />
    <ClInclude Include="syncnet_generated.h">
      <Filter>flatbuffers</Filter>
    </ClInclude>
    <ClInclude Include="MessageDispatcher.h" />
    <ClInclude Include="SendMessage.h">
      <Filter>Message</Filter>
    </ClInclude>
    <ClInclude Include="Vector3Converter.h" />
    <ClInclude Include="LogHelper.h" />
    <ClInclude Include="GameObject.h">
      <Filter>GameObject</Filter>
    </ClInclude>
    <ClInclude Include="Character.h">
      <Filter>GameObject</Filter>
    </ClInclude>
    <ClInclude Include="Monster.h">
      <Filter>GameObject</Filter>
    </ClInclude>
    <ClInclude Include="MathHelper.h" />
  </ItemGroup>
  <ItemGroup>
    <CopyFileToFolders Include="solo_navmesh.bin">
      <Filter>data</Filter>
    </CopyFileToFolders>
  </ItemGroup>
</Project>