
Microsoft Visual Studio Solution File, Format Version 12.00
# Visual Studio Version 16
VisualStudioVersion = 16.0.31112.23
MinimumVisualStudioVersion = 10.0.40219.1
Project("{8BC9CEB8-8B4A-11D0-8D11-00A0C91BC942}") = "Game", "Game\Game.vcxproj", "{D4F4097D-57B6-4C92-B239-249B35393F43}"
EndProject
Project("{8BC9CEB8-8B4A-11D0-8D11-00A0C91BC942}") = "Detour", "Detour\Detour.vcxproj", "{18FEE2AD-04A0-0D84-ED5A-21D8D99B94D4}"
EndProject
Project("{8BC9CEB8-8B4A-11D0-8D11-00A0C91BC942}") = "DetourCrowd", "DetourCrowd\DetourCrowd.vcxproj", "{F7616A66-6317-E35B-EC0B-DD3258C0D95F}"
EndProject
Project("{8BC9CEB8-8B4A-11D0-8D11-00A0C91BC942}") = "DetourTileCache", "DetourTileCache\DetourTileCache.vcxproj", "{1AB411D3-863F-7F97-8F50-028CFB5ADB97}"
EndProject
Project("{8BC9CEB8-8B4A-11D0-8D11-00A0C91BC942}") = "Recast", "Recast\Recast.vcxproj", "{A7A881CE-934A-ACA4-7C05-C0F8684633F5}"
EndProject
Global
	GlobalSection(SolutionConfigurationPlatforms) = preSolution
		Debug Win64|x64 = Debug Win64|x64
		Debug Win64|x86 = Debug Win64|x86
		Debug|x64 = Debug|x64
		Debug|x86 = Debug|x86
		Release Win64|x64 = Release Win64|x64
		Release Win64|x86 = Release Win64|x86
		Release|x64 = Release|x64
		Release|x86 = Release|x86
	EndGlobalSection
	GlobalSection(ProjectConfigurationPlatforms) = postSolution
		{D4F4097D-57B6-4C92-B239-249B35393F43}.Debug Win64|x64.ActiveCfg = Debug|x64
		{D4F4097D-57B6-4C92-B239-249B35393F43}.Debug Win64|x64.Build.0 = Debug|x64
		{D4F4097D-57B6-4C92-B239-249B35393F43}.Debug Win64|x86.ActiveCfg = Debug|Win32
		{D4F4097D-57B6-4C92-B239-249B35393F43}.Debug Win64|x86.Build.0 = Debug|Win32
		{D4F4097D-57B6-4C92-B239-249B35393F43}.Debug|x64.ActiveCfg = Debug|x64
		{D4F4097D-57B6-4C92-B239-249B35393F43}.Debug|x64.Build.0 = Debug|x64
		{D4F4097D-57B6-4C92-B239-249B35393F43}.Debug|x86.ActiveCfg = Debug|Win32
		{D4F4097D-57B6-4C92-B239-249B35393F43}.Debug|x86.Build.0 = Debug|Win32
		{D4F4097D-57B6-4C92-B239-249B35393F43}.Release Win64|x64.ActiveCfg = Release|x64
		{D4F4097D-57B6-4C92-B239-249B35393F43}.Release Win64|x64.Build.0 = Release|x64
		{D4F4097D-57B6-4C92-B239-249B35393F43}.Release Win64|x86.ActiveCfg = Release|Win32
		{D4F4097D-57B6-4C92-B239-249B35393F43}.Release Win64|x86.Build.0 = Release|Win32
		{D4F4097D-57B6-4C92-B239-249B35393F43}.Release|x64.ActiveCfg = Release|x64
		{D4F4097D-57B6-4C92-B239-249B35393F43}.Release|x64.Build.0 = Release|x64
		{D4F4097D-57B6-4C92-B239-249B35393F43}.Release|x86.ActiveCfg = Release|Win32
		{D4F4097D-57B6-4C92-B239-249B35393F43}.Release|x86.Build.0 = Release|Win32
		{18FEE2AD-04A0-0D84-ED5A-21D8D99B94D4}.Debug Win64|x64.ActiveCfg = Debug Win64|x64
		{18FEE2AD-04A0-0D84-ED5A-21D8D99B94D4}.Debug Win64|x64.Build.0 = Debug Win64|x64
		{18FEE2AD-04A0-0D84-ED5A-21D8D99B94D4}.Debug Win64|x86.ActiveCfg = Debug Win64|Win32
		{18FEE2AD-04A0-0D84-ED5A-21D8D99B94D4}.Debug Win64|x86.Build.0 = Debug Win64|Win32
		{18FEE2AD-04A0-0D84-ED5A-21D8D99B94D4}.Debug|x64.ActiveCfg = Debug|x64
		{18FEE2AD-04A0-0D84-ED5A-21D8D99B94D4}.Debug|x64.Build.0 = Debug|x64
		{18FEE2AD-04A0-0D84-ED5A-21D8D99B94D4}.Debug|x86.ActiveCfg = Debug|Win32
		{18FEE2AD-04A0-0D84-ED5A-21D8D99B94D4}.Debug|x86.Build.0 = Debug|Win32
		{18FEE2AD-04A0-0D84-ED5A-21D8D99B94D4}.Release Win64|x64.ActiveCfg = Release Win64|x64
		{18FEE2AD-04A0-0D84-ED5A-21D8D99B94D4}.Release Win64|x64.Build.0 = Release Win64|x64
		{18FEE2AD-04A0-0D84-ED5A-21D8D99B94D4}.Release Win64|x86.ActiveCfg = Release Win64|Win32
		{18FEE2AD-04A0-0D84-ED5A-21D8D99B94D4}.Release Win64|x86.Build.0 = Release Win64|Win32
		{18FEE2AD-04A0-0D84-ED5A-21D8D99B94D4}.Release|x64.ActiveCfg = Release|x64
		{18FEE2AD-04A0-0D84-ED5A-21D8D99B94D4}.Release|x64.Build.0 = Release|x64
		{18FEE2AD-04A0-0D84-ED5A-21D8D99B94D4}.Release|x86.ActiveCfg = Release|Win32
		{18FEE2AD-04A0-0D84-ED5A-21D8D99B94D4}.Release|x86.Build.0 = Release|Win32
		{F7616A66-6317-E35B-EC0B-DD3258C0D95F}.Debug Win64|x64.ActiveCfg = Debug Win64|x64
		{F7616A66-6317-E35B-EC0B-DD3258C0D95F}.Debug Win64|x64.Build.0 = Debug Win64|x64
		{F7616A66-6317-E35B-EC0B-DD3258C0D95F}.Debug Win64|x86.ActiveCfg = Debug Win64|Win32
		{F7616A66-6317-E35B-EC0B-DD3258C0D95F}.Debug Win64|x86.Build.0 = Debug Win64|Win32
		{F7616A66-6317-E35B-EC0B-DD3258C0D95F}.Debug|x64.ActiveCfg = Debug|x64
		{F7616A66-6317-E35B-EC0B-DD3258C0D95F}.Debug|x64.Build.0 = Debug|x64
		{F7616A66-6317-E35B-EC0B-DD3258C0D95F}.Debug|x86.ActiveCfg = Debug|Win32
		{F7616A66-6317-E35B-EC0B-DD3258C0D95F}.Debug|x86.Build.0 = Debug|Win32
		{F7616A66-6317-E35B-EC0B-DD3258C0D95F}.Release Win64|x64.ActiveCfg = Release Win64|x64
		{F7616A66-6317-E35B-EC0B-DD3258C0D95F}.Release Win64|x64.Build.0 = Release Win64|x64
		{F7616A66-6317-E35B-EC0B-DD3258C0D95F}.Release Win64|x86.ActiveCfg = Release Win64|Win32
		{F7616A66-6317-E35B-EC0B-DD3258C0D95F}.Release Win64|x86.Build.0 = Release Win64|Win32
		{F7616A66-6317-E35B-EC0B-DD3258C0D95F}.Release|x64.ActiveCfg = Release|x64
		{F7616A66-6317-E35B-EC0B-DD3258C0D95F}.Release|x64.Build.0 = Release|x64
		{F7616A66-6317-E35B-EC0B-DD3258C0D95F}.Release|x86.ActiveCfg = Release|Win32
		{F7616A66-6317-E35B-EC0B-DD3258C0D95F}.Release|x86.Build.0 = Release|Win32
		{1AB411D3-863F-7F97-8F50-028CFB5ADB97}.Debug Win64|x64.ActiveCfg = Debug Win64|x64
		{1AB411D3-863F-7F97-8F50-028CFB5ADB97}.Debug Win64|x64.Build.0 = Debug Win64|x64
		{1AB411D3-863F-7F97-8F50-028CFB5ADB97}.Debug Win64|x86.ActiveCfg = Debug Win64|Win32
		{1AB411D3-863F-7F97-8F50-028CFB5ADB97}.Debug Win64|x86.Build.0 = Debug Win64|Win32
		{1AB411D3-863F-7F97-8F50-028CFB5ADB97}.Debug|x64.ActiveCfg = Debug|x64
		{1AB411D3-863F-7F97-8F50-028CFB5ADB97}.Debug|x64.Build.0 = Debug|x64
		{1AB411D3-863F-7F97-8F50-028CFB5ADB97}.Debug|x86.ActiveCfg = Debug|Win32
		{1AB411D3-863F-7F97-8F50-028CFB5ADB97}.Debug|x86.Build.0 = Debug|Win32
		{1AB411D3-863F-7F97-8F50-028CFB5ADB97}.Release Win64|x64.ActiveCfg = Release Win64|x64
		{1AB411D3-863F-7F97-8F50-028CFB5ADB97}.Release Win64|x64.Build.0 = Release Win64|x64
		{1AB411D3-863F-7F97-8F50-028CFB5ADB97}.Release Win64|x86.ActiveCfg = Release Win64|Win32
		{1AB411D3-863F-7F97-8F50-028CFB5ADB97}.Release Win64|x86.Build.0 = Release Win64|Win32
		{1AB411D3-863F-7F97-8F50-028CFB5ADB97}.Release|x64.ActiveCfg = Release|x64
		{1AB411D3-863F-7F97-8F50-028CFB5ADB97}.Release|x64.Build.0 = Release|x64
		{1AB411D3-863F-7F97-8F50-028CFB5ADB97}.Release|x86.ActiveCfg = Release|Win32
		{1AB411D3-863F-7F97-8F50-028CFB5ADB97}.Release|x86.Build.0 = Release|Win32
		{A7A881CE-934A-ACA4-7C05-C0F8684633F5}.Debug Win64|x64.ActiveCfg = Debug Win64|x64
		{A7A881CE-934A-ACA4-7C05-C0F8684633F5}.Debug Win64|x64.Build.0 = Debug Win64|x64
		{A7A881CE-934A-ACA4-7C05-C0F8684633F5}.Debug Win64|x86.ActiveCfg = Debug Win64|Win32
		{A7A881CE-934A-ACA4-7C05-C0F8684633F5}.Debug Win64|x86.Build.0 = Debug Win64|Win32
		{A7A881CE-934A-ACA4-7C05-C0F8684633F5}.Debug|x64.ActiveCfg = Debug|x64
		{A7A881CE-934A-ACA4-7C05-C0F8684633F5}.Debug|x64.Build.0 = Debug|x64
		{A7A881CE-934A-ACA4-7C05-C0F8684633F5}.Debug|x86.ActiveCfg = Debug|Win32
		{A7A881CE-934A-ACA4-7C05-C0F8684633F5}.Debug|x86.Build.0 = Debug|Win32
		{A7A881CE-934A-ACA4-7C05-C0F8684633F5}.Release Win64|x64.ActiveCfg = Release Win64|x64
		{A7A881CE-934A-ACA4-7C05-C0F8684633F5}.Release Win64|x64.Build.0 = Release Win64|x64
		{A7A881CE-934A-ACA4-7C05-C0F8684633F5}.Release Win64|x86.ActiveCfg = Release Win64|Win32
		{A7A881CE-934A-ACA4-7C05-C0F8684633F5}.Release Win64|x86.Build.0 = Release Win64|Win32
		{A7A881CE-934A-ACA4-7C05-C0F8684633F5}.Release|x64.ActiveCfg = Release|x64
		{A7A881CE-934A-ACA4-7C05-C0F8684633F5}.Release|x64.Build.0 = Release|x64
		{A7A881CE-934A-ACA4-7C05-C0F8684633F5}.Release|x86.ActiveCfg = Release|Win32
		{A7A881CE-934A-ACA4-7C05-C0F8684633F5}.Release|x86.Build.0 = Release|Win32
	EndGlobalSection
	GlobalSection(SolutionProperties) = preSolution
		HideSolutionNode = FALSE
	EndGlobalSection
	GlobalSection(ExtensibilityGlobals) = postSolution
		SolutionGuid = {47226FB8-C018-4AD9-B30B-544481141105}
	EndGlobalSection
EndGlobal
