
Microsoft Visual Studio Solution File, Format Version 12.00
# Visual Studio Version 17
VisualStudioVersion = 17.13.35913.81 d17.13
MinimumVisualStudioVersion = 10.0.40219.1
Project("{8BC9CEB8-8B4A-11D0-8D11-00A0C91BC942}") = "Game", "Game\Game.vcxproj", "{D4F4097D-57B6-4C92-B239-249B35393F43}"
	ProjectSection(ProjectDependencies) = postProject
		{8E24C208-4D79-43BE-941D-DBD48E5A4264} = {8E24C208-4D79-43BE-941D-DBD48E5A4264}
	EndProjectSection
EndProject
Project("{9A19103F-16F7-4668-BE54-9A1E7A4F7556}") = "core", "core\core.csproj", "{9C383FDB-E12F-404A-894D-99012A6423C5}"
EndProject
Project("{9A19103F-16F7-4668-BE54-9A1E7A4F7556}") = "Battle", "Battle\Battle.csproj", "{F3D65514-93F6-4BBC-9FF0-6EC8D668F790}"
EndProject
Project("{9A19103F-16F7-4668-BE54-9A1E7A4F7556}") = "GameData", "GameData\GameData.csproj", "{DE65CA08-F182-4BB7-8359-FF483AC57026}"
EndProject
Project("{9A19103F-16F7-4668-BE54-9A1E7A4F7556}") = "GameService", "GameService\GameService.csproj", "{B857FF25-DE78-4091-9997-0ADE406EE293}"
EndProject
Project("{9A19103F-16F7-4668-BE54-9A1E7A4F7556}") = "GmTool", "GmTool\GmTool.csproj", "{F3F4ECD6-B32D-4DB7-90F5-3D79F436D97F}"
EndProject
Project("{9A19103F-16F7-4668-BE54-9A1E7A4F7556}") = "Lobby", "Lobby\Lobby.csproj", "{CDD3464D-0DA8-48CF-A40B-0BAD82D4DBDB}"
EndProject
Project("{9A19103F-16F7-4668-BE54-9A1E7A4F7556}") = "Login", "Login\Login.csproj", "{0D2AF2D2-68CB-4B16-9FB7-D644B3410271}"
EndProject
Project("{9A19103F-16F7-4668-BE54-9A1E7A4F7556}") = "Models", "Models\Models.csproj", "{E08C73B5-A1FC-45BB-9C22-06D78D937AD7}"
EndProject
Project("{8BC9CEB8-8B4A-11D0-8D11-00A0C91BC942}") = "BehaviorTree", "BehaviorTree\BehaviorTree.vcxproj", "{F441C4B3-58A8-4627-B07C-264C21891861}"
EndProject
Project("{9A19103F-16F7-4668-BE54-9A1E7A4F7556}") = "Chat", "Chat\Chat.csproj", "{CA127F78-0F35-4B48-A86A-06876D0B6289}"
EndProject
Project("{9A19103F-16F7-4668-BE54-9A1E7A4F7556}") = "Cache", "Cache\Cache.csproj", "{2B7FCB71-EB50-41EB-8806-A8A5401FB4D6}"
EndProject
Project("{9A19103F-16F7-4668-BE54-9A1E7A4F7556}") = "IAP", "IAP\IAP.csproj", "{099E4267-447D-42E0-B267-48FC3BE0976C}"
EndProject
Project("{9A19103F-16F7-4668-BE54-9A1E7A4F7556}") = "RESTful", "RESTful\RESTful.csproj", "{F5B12310-C73F-4010-833C-A32E8B2575F5}"
EndProject
Project("{2150E333-8FDC-42A3-9474-1A3956D46DE8}") = "Test", "Test", "{A263EEE6-80FB-4CEF-8EFF-1E14DB230E0D}"
EndProject
Project("{9A19103F-16F7-4668-BE54-9A1E7A4F7556}") = "ChatClient", "ChatClient\ChatClient.csproj", "{F501E58A-36A6-4929-96F2-FC6E49F0BE41}"
EndProject
Project("{8BC9CEB8-8B4A-11D0-8D11-00A0C91BC942}") = "FiniteStateMachine", "FiniteStateMachine\FiniteStateMachine.vcxproj", "{5978BDC7-B6B6-443C-89B3-096A6BB69083}"
EndProject
Project("{8BC9CEB8-8B4A-11D0-8D11-00A0C91BC942}") = "recastnavigation", "recastnavigation\recastnavigation.vcxproj", "{8E24C208-4D79-43BE-941D-DBD48E5A4264}"
EndProject
Global
	GlobalSection(SolutionConfigurationPlatforms) = preSolution
		Debug Win64|Any CPU = Debug Win64|Any CPU
		Debug Win64|x64 = Debug Win64|x64
		Debug Win64|x86 = Debug Win64|x86
		Debug|Any CPU = Debug|Any CPU
		Debug|x64 = Debug|x64
		Debug|x86 = Debug|x86
		DebugDummyClient|Any CPU = DebugDummyClient|Any CPU
		DebugDummyClient|x64 = DebugDummyClient|x64
		DebugDummyClient|x86 = DebugDummyClient|x86
		Release Win64|Any CPU = Release Win64|Any CPU
		Release Win64|x64 = Release Win64|x64
		Release Win64|x86 = Release Win64|x86
		Release|Any CPU = Release|Any CPU
		Release|x64 = Release|x64
		Release|x86 = Release|x86
		ReleaseDummyClient|Any CPU = ReleaseDummyClient|Any CPU
		ReleaseDummyClient|x64 = ReleaseDummyClient|x64
		ReleaseDummyClient|x86 = ReleaseDummyClient|x86
	EndGlobalSection
	GlobalSection(ProjectConfigurationPlatforms) = postSolution
		{D4F4097D-57B6-4C92-B239-249B35393F43}.Debug Win64|Any CPU.ActiveCfg = Release|Win32
		{D4F4097D-57B6-4C92-B239-249B35393F43}.Debug Win64|Any CPU.Build.0 = Release|Win32
		{D4F4097D-57B6-4C92-B239-249B35393F43}.Debug Win64|x64.ActiveCfg = Debug|x64
		{D4F4097D-57B6-4C92-B239-249B35393F43}.Debug Win64|x64.Build.0 = Debug|x64
		{D4F4097D-57B6-4C92-B239-249B35393F43}.Debug Win64|x86.ActiveCfg = Debug|Win32
		{D4F4097D-57B6-4C92-B239-249B35393F43}.Debug Win64|x86.Build.0 = Debug|Win32
		{D4F4097D-57B6-4C92-B239-249B35393F43}.Debug|Any CPU.ActiveCfg = Debug|Win32
		{D4F4097D-57B6-4C92-B239-249B35393F43}.Debug|x64.ActiveCfg = Debug|x64
		{D4F4097D-57B6-4C92-B239-249B35393F43}.Debug|x64.Build.0 = Debug|x64
		{D4F4097D-57B6-4C92-B239-249B35393F43}.Debug|x86.ActiveCfg = Debug|Win32
		{D4F4097D-57B6-4C92-B239-249B35393F43}.Debug|x86.Build.0 = Debug|Win32
		{D4F4097D-57B6-4C92-B239-249B35393F43}.DebugDummyClient|Any CPU.ActiveCfg = Release|Win32
		{D4F4097D-57B6-4C92-B239-249B35393F43}.DebugDummyClient|Any CPU.Build.0 = Release|Win32
		{D4F4097D-57B6-4C92-B239-249B35393F43}.DebugDummyClient|x64.ActiveCfg = Debug|x64
		{D4F4097D-57B6-4C92-B239-249B35393F43}.DebugDummyClient|x64.Build.0 = Debug|x64
		{D4F4097D-57B6-4C92-B239-249B35393F43}.DebugDummyClient|x86.ActiveCfg = Debug|Win32
		{D4F4097D-57B6-4C92-B239-249B35393F43}.DebugDummyClient|x86.Build.0 = Debug|Win32
		{D4F4097D-57B6-4C92-B239-249B35393F43}.Release Win64|Any CPU.ActiveCfg = Release|Win32
		{D4F4097D-57B6-4C92-B239-249B35393F43}.Release Win64|Any CPU.Build.0 = Release|Win32
		{D4F4097D-57B6-4C92-B239-249B35393F43}.Release Win64|x64.ActiveCfg = Release|x64
		{D4F4097D-57B6-4C92-B239-249B35393F43}.Release Win64|x64.Build.0 = Release|x64
		{D4F4097D-57B6-4C92-B239-249B35393F43}.Release Win64|x86.ActiveCfg = Release|Win32
		{D4F4097D-57B6-4C92-B239-249B35393F43}.Release Win64|x86.Build.0 = Release|Win32
		{D4F4097D-57B6-4C92-B239-249B35393F43}.Release|Any CPU.ActiveCfg = Release|Win32
		{D4F4097D-57B6-4C92-B239-249B35393F43}.Release|x64.ActiveCfg = Release|x64
		{D4F4097D-57B6-4C92-B239-249B35393F43}.Release|x64.Build.0 = Release|x64
		{D4F4097D-57B6-4C92-B239-249B35393F43}.Release|x86.ActiveCfg = Release|Win32
		{D4F4097D-57B6-4C92-B239-249B35393F43}.Release|x86.Build.0 = Release|Win32
		{D4F4097D-57B6-4C92-B239-249B35393F43}.ReleaseDummyClient|Any CPU.ActiveCfg = Release|Win32
		{D4F4097D-57B6-4C92-B239-249B35393F43}.ReleaseDummyClient|Any CPU.Build.0 = Release|Win32
		{D4F4097D-57B6-4C92-B239-249B35393F43}.ReleaseDummyClient|x64.ActiveCfg = Release|x64
		{D4F4097D-57B6-4C92-B239-249B35393F43}.ReleaseDummyClient|x64.Build.0 = Release|x64
		{D4F4097D-57B6-4C92-B239-249B35393F43}.ReleaseDummyClient|x86.ActiveCfg = Release|Win32
		{D4F4097D-57B6-4C92-B239-249B35393F43}.ReleaseDummyClient|x86.Build.0 = Release|Win32
		{9C383FDB-E12F-404A-894D-99012A6423C5}.Debug Win64|Any CPU.ActiveCfg = Debug|Any CPU
		{9C383FDB-E12F-404A-894D-99012A6423C5}.Debug Win64|Any CPU.Build.0 = Debug|Any CPU
		{9C383FDB-E12F-404A-894D-99012A6423C5}.Debug Win64|x64.ActiveCfg = Debug|x64
		{9C383FDB-E12F-404A-894D-99012A6423C5}.Debug Win64|x64.Build.0 = Debug|x64
		{9C383FDB-E12F-404A-894D-99012A6423C5}.Debug Win64|x86.ActiveCfg = Debug|Any CPU
		{9C383FDB-E12F-404A-894D-99012A6423C5}.Debug Win64|x86.Build.0 = Debug|Any CPU
		{9C383FDB-E12F-404A-894D-99012A6423C5}.Debug|Any CPU.ActiveCfg = Debug|Any CPU
		{9C383FDB-E12F-404A-894D-99012A6423C5}.Debug|Any CPU.Build.0 = Debug|Any CPU
		{9C383FDB-E12F-404A-894D-99012A6423C5}.Debug|x64.ActiveCfg = Debug|x64
		{9C383FDB-E12F-404A-894D-99012A6423C5}.Debug|x64.Build.0 = Debug|x64
		{9C383FDB-E12F-404A-894D-99012A6423C5}.Debug|x86.ActiveCfg = Debug|Any CPU
		{9C383FDB-E12F-404A-894D-99012A6423C5}.Debug|x86.Build.0 = Debug|Any CPU
		{9C383FDB-E12F-404A-894D-99012A6423C5}.DebugDummyClient|Any CPU.ActiveCfg = DebugDummyClient|Any CPU
		{9C383FDB-E12F-404A-894D-99012A6423C5}.DebugDummyClient|Any CPU.Build.0 = DebugDummyClient|Any CPU
		{9C383FDB-E12F-404A-894D-99012A6423C5}.DebugDummyClient|x64.ActiveCfg = DebugDummyClient|x64
		{9C383FDB-E12F-404A-894D-99012A6423C5}.DebugDummyClient|x64.Build.0 = DebugDummyClient|x64
		{9C383FDB-E12F-404A-894D-99012A6423C5}.DebugDummyClient|x86.ActiveCfg = DebugDummyClient|Any CPU
		{9C383FDB-E12F-404A-894D-99012A6423C5}.DebugDummyClient|x86.Build.0 = DebugDummyClient|Any CPU
		{9C383FDB-E12F-404A-894D-99012A6423C5}.Release Win64|Any CPU.ActiveCfg = Release|Any CPU
		{9C383FDB-E12F-404A-894D-99012A6423C5}.Release Win64|Any CPU.Build.0 = Release|Any CPU
		{9C383FDB-E12F-404A-894D-99012A6423C5}.Release Win64|x64.ActiveCfg = Release|x64
		{9C383FDB-E12F-404A-894D-99012A6423C5}.Release Win64|x64.Build.0 = Release|x64
		{9C383FDB-E12F-404A-894D-99012A6423C5}.Release Win64|x86.ActiveCfg = Release|Any CPU
		{9C383FDB-E12F-404A-894D-99012A6423C5}.Release Win64|x86.Build.0 = Release|Any CPU
		{9C383FDB-E12F-404A-894D-99012A6423C5}.Release|Any CPU.ActiveCfg = Release|Any CPU
		{9C383FDB-E12F-404A-894D-99012A6423C5}.Release|Any CPU.Build.0 = Release|Any CPU
		{9C383FDB-E12F-404A-894D-99012A6423C5}.Release|x64.ActiveCfg = Release|x64
		{9C383FDB-E12F-404A-894D-99012A6423C5}.Release|x64.Build.0 = Release|x64
		{9C383FDB-E12F-404A-894D-99012A6423C5}.Release|x86.ActiveCfg = Release|Any CPU
		{9C383FDB-E12F-404A-894D-99012A6423C5}.Release|x86.Build.0 = Release|Any CPU
		{9C383FDB-E12F-404A-894D-99012A6423C5}.ReleaseDummyClient|Any CPU.ActiveCfg = ReleaseDummyClient|Any CPU
		{9C383FDB-E12F-404A-894D-99012A6423C5}.ReleaseDummyClient|Any CPU.Build.0 = ReleaseDummyClient|Any CPU
		{9C383FDB-E12F-404A-894D-99012A6423C5}.ReleaseDummyClient|x64.ActiveCfg = ReleaseDummyClient|x64
		{9C383FDB-E12F-404A-894D-99012A6423C5}.ReleaseDummyClient|x64.Build.0 = ReleaseDummyClient|x64
		{9C383FDB-E12F-404A-894D-99012A6423C5}.ReleaseDummyClient|x86.ActiveCfg = ReleaseDummyClient|Any CPU
		{9C383FDB-E12F-404A-894D-99012A6423C5}.ReleaseDummyClient|x86.Build.0 = ReleaseDummyClient|Any CPU
		{F3D65514-93F6-4BBC-9FF0-6EC8D668F790}.Debug Win64|Any CPU.ActiveCfg = Debug|Any CPU
		{F3D65514-93F6-4BBC-9FF0-6EC8D668F790}.Debug Win64|Any CPU.Build.0 = Debug|Any CPU
		{F3D65514-93F6-4BBC-9FF0-6EC8D668F790}.Debug Win64|x64.ActiveCfg = Debug|x64
		{F3D65514-93F6-4BBC-9FF0-6EC8D668F790}.Debug Win64|x64.Build.0 = Debug|x64
		{F3D65514-93F6-4BBC-9FF0-6EC8D668F790}.Debug Win64|x86.ActiveCfg = Debug|Any CPU
		{F3D65514-93F6-4BBC-9FF0-6EC8D668F790}.Debug Win64|x86.Build.0 = Debug|Any CPU
		{F3D65514-93F6-4BBC-9FF0-6EC8D668F790}.Debug|Any CPU.ActiveCfg = Debug|Any CPU
		{F3D65514-93F6-4BBC-9FF0-6EC8D668F790}.Debug|Any CPU.Build.0 = Debug|Any CPU
		{F3D65514-93F6-4BBC-9FF0-6EC8D668F790}.Debug|x64.ActiveCfg = Debug|x64
		{F3D65514-93F6-4BBC-9FF0-6EC8D668F790}.Debug|x64.Build.0 = Debug|x64
		{F3D65514-93F6-4BBC-9FF0-6EC8D668F790}.Debug|x86.ActiveCfg = Debug|Any CPU
		{F3D65514-93F6-4BBC-9FF0-6EC8D668F790}.Debug|x86.Build.0 = Debug|Any CPU
		{F3D65514-93F6-4BBC-9FF0-6EC8D668F790}.DebugDummyClient|Any CPU.ActiveCfg = Debug|Any CPU
		{F3D65514-93F6-4BBC-9FF0-6EC8D668F790}.DebugDummyClient|Any CPU.Build.0 = Debug|Any CPU
		{F3D65514-93F6-4BBC-9FF0-6EC8D668F790}.DebugDummyClient|x64.ActiveCfg = Debug|x64
		{F3D65514-93F6-4BBC-9FF0-6EC8D668F790}.DebugDummyClient|x64.Build.0 = Debug|x64
		{F3D65514-93F6-4BBC-9FF0-6EC8D668F790}.DebugDummyClient|x86.ActiveCfg = Debug|Any CPU
		{F3D65514-93F6-4BBC-9FF0-6EC8D668F790}.DebugDummyClient|x86.Build.0 = Debug|Any CPU
		{F3D65514-93F6-4BBC-9FF0-6EC8D668F790}.Release Win64|Any CPU.ActiveCfg = Release|Any CPU
		{F3D65514-93F6-4BBC-9FF0-6EC8D668F790}.Release Win64|Any CPU.Build.0 = Release|Any CPU
		{F3D65514-93F6-4BBC-9FF0-6EC8D668F790}.Release Win64|x64.ActiveCfg = Release|x64
		{F3D65514-93F6-4BBC-9FF0-6EC8D668F790}.Release Win64|x64.Build.0 = Release|x64
		{F3D65514-93F6-4BBC-9FF0-6EC8D668F790}.Release Win64|x86.ActiveCfg = Release|Any CPU
		{F3D65514-93F6-4BBC-9FF0-6EC8D668F790}.Release Win64|x86.Build.0 = Release|Any CPU
		{F3D65514-93F6-4BBC-9FF0-6EC8D668F790}.Release|Any CPU.ActiveCfg = Release|Any CPU
		{F3D65514-93F6-4BBC-9FF0-6EC8D668F790}.Release|Any CPU.Build.0 = Release|Any CPU
		{F3D65514-93F6-4BBC-9FF0-6EC8D668F790}.Release|x64.ActiveCfg = Release|x64
		{F3D65514-93F6-4BBC-9FF0-6EC8D668F790}.Release|x64.Build.0 = Release|x64
		{F3D65514-93F6-4BBC-9FF0-6EC8D668F790}.Release|x86.ActiveCfg = Release|Any CPU
		{F3D65514-93F6-4BBC-9FF0-6EC8D668F790}.Release|x86.Build.0 = Release|Any CPU
		{F3D65514-93F6-4BBC-9FF0-6EC8D668F790}.ReleaseDummyClient|Any CPU.ActiveCfg = Release|Any CPU
		{F3D65514-93F6-4BBC-9FF0-6EC8D668F790}.ReleaseDummyClient|Any CPU.Build.0 = Release|Any CPU
		{F3D65514-93F6-4BBC-9FF0-6EC8D668F790}.ReleaseDummyClient|x64.ActiveCfg = Release|x64
		{F3D65514-93F6-4BBC-9FF0-6EC8D668F790}.ReleaseDummyClient|x64.Build.0 = Release|x64
		{F3D65514-93F6-4BBC-9FF0-6EC8D668F790}.ReleaseDummyClient|x86.ActiveCfg = Release|Any CPU
		{F3D65514-93F6-4BBC-9FF0-6EC8D668F790}.ReleaseDummyClient|x86.Build.0 = Release|Any CPU
		{DE65CA08-F182-4BB7-8359-FF483AC57026}.Debug Win64|Any CPU.ActiveCfg = Debug|x64
		{DE65CA08-F182-4BB7-8359-FF483AC57026}.Debug Win64|Any CPU.Build.0 = Debug|x64
		{DE65CA08-F182-4BB7-8359-FF483AC57026}.Debug Win64|x64.ActiveCfg = Debug|x64
		{DE65CA08-F182-4BB7-8359-FF483AC57026}.Debug Win64|x64.Build.0 = Debug|x64
		{DE65CA08-F182-4BB7-8359-FF483AC57026}.Debug Win64|x86.ActiveCfg = Debug|x64
		{DE65CA08-F182-4BB7-8359-FF483AC57026}.Debug Win64|x86.Build.0 = Debug|x64
		{DE65CA08-F182-4BB7-8359-FF483AC57026}.Debug|Any CPU.ActiveCfg = Debug|x64
		{DE65CA08-F182-4BB7-8359-FF483AC57026}.Debug|x64.ActiveCfg = Debug|x64
		{DE65CA08-F182-4BB7-8359-FF483AC57026}.Debug|x64.Build.0 = Debug|x64
		{DE65CA08-F182-4BB7-8359-FF483AC57026}.Debug|x86.ActiveCfg = Debug|x64
		{DE65CA08-F182-4BB7-8359-FF483AC57026}.DebugDummyClient|Any CPU.ActiveCfg = DebugDummyClient|x64
		{DE65CA08-F182-4BB7-8359-FF483AC57026}.DebugDummyClient|x64.ActiveCfg = DebugDummyClient|x64
		{DE65CA08-F182-4BB7-8359-FF483AC57026}.DebugDummyClient|x64.Build.0 = DebugDummyClient|x64
		{DE65CA08-F182-4BB7-8359-FF483AC57026}.DebugDummyClient|x86.ActiveCfg = DebugDummyClient|x64
		{DE65CA08-F182-4BB7-8359-FF483AC57026}.Release Win64|Any CPU.ActiveCfg = Debug|x64
		{DE65CA08-F182-4BB7-8359-FF483AC57026}.Release Win64|Any CPU.Build.0 = Debug|x64
		{DE65CA08-F182-4BB7-8359-FF483AC57026}.Release Win64|x64.ActiveCfg = Release|x64
		{DE65CA08-F182-4BB7-8359-FF483AC57026}.Release Win64|x64.Build.0 = Release|x64
		{DE65CA08-F182-4BB7-8359-FF483AC57026}.Release Win64|x86.ActiveCfg = Debug|x64
		{DE65CA08-F182-4BB7-8359-FF483AC57026}.Release Win64|x86.Build.0 = Debug|x64
		{DE65CA08-F182-4BB7-8359-FF483AC57026}.Release|Any CPU.ActiveCfg = Release|x64
		{DE65CA08-F182-4BB7-8359-FF483AC57026}.Release|x64.ActiveCfg = Release|x64
		{DE65CA08-F182-4BB7-8359-FF483AC57026}.Release|x64.Build.0 = Release|x64
		{DE65CA08-F182-4BB7-8359-FF483AC57026}.Release|x86.ActiveCfg = Release|x64
		{DE65CA08-F182-4BB7-8359-FF483AC57026}.ReleaseDummyClient|Any CPU.ActiveCfg = ReleaseDummyClient|x64
		{DE65CA08-F182-4BB7-8359-FF483AC57026}.ReleaseDummyClient|x64.ActiveCfg = ReleaseDummyClient|x64
		{DE65CA08-F182-4BB7-8359-FF483AC57026}.ReleaseDummyClient|x64.Build.0 = ReleaseDummyClient|x64
		{DE65CA08-F182-4BB7-8359-FF483AC57026}.ReleaseDummyClient|x86.ActiveCfg = ReleaseDummyClient|x64
		{B857FF25-DE78-4091-9997-0ADE406EE293}.Debug Win64|Any CPU.ActiveCfg = Debug|Any CPU
		{B857FF25-DE78-4091-9997-0ADE406EE293}.Debug Win64|Any CPU.Build.0 = Debug|Any CPU
		{B857FF25-DE78-4091-9997-0ADE406EE293}.Debug Win64|x64.ActiveCfg = Debug|x64
		{B857FF25-DE78-4091-9997-0ADE406EE293}.Debug Win64|x64.Build.0 = Debug|x64
		{B857FF25-DE78-4091-9997-0ADE406EE293}.Debug Win64|x86.ActiveCfg = Debug|Any CPU
		{B857FF25-DE78-4091-9997-0ADE406EE293}.Debug Win64|x86.Build.0 = Debug|Any CPU
		{B857FF25-DE78-4091-9997-0ADE406EE293}.Debug|Any CPU.ActiveCfg = Debug|Any CPU
		{B857FF25-DE78-4091-9997-0ADE406EE293}.Debug|Any CPU.Build.0 = Debug|Any CPU
		{B857FF25-DE78-4091-9997-0ADE406EE293}.Debug|x64.ActiveCfg = Debug|x64
		{B857FF25-DE78-4091-9997-0ADE406EE293}.Debug|x64.Build.0 = Debug|x64
		{B857FF25-DE78-4091-9997-0ADE406EE293}.Debug|x86.ActiveCfg = Debug|Any CPU
		{B857FF25-DE78-4091-9997-0ADE406EE293}.Debug|x86.Build.0 = Debug|Any CPU
		{B857FF25-DE78-4091-9997-0ADE406EE293}.DebugDummyClient|Any CPU.ActiveCfg = Debug|Any CPU
		{B857FF25-DE78-4091-9997-0ADE406EE293}.DebugDummyClient|Any CPU.Build.0 = Debug|Any CPU
		{B857FF25-DE78-4091-9997-0ADE406EE293}.DebugDummyClient|x64.ActiveCfg = Debug|x64
		{B857FF25-DE78-4091-9997-0ADE406EE293}.DebugDummyClient|x64.Build.0 = Debug|x64
		{B857FF25-DE78-4091-9997-0ADE406EE293}.DebugDummyClient|x86.ActiveCfg = Debug|Any CPU
		{B857FF25-DE78-4091-9997-0ADE406EE293}.DebugDummyClient|x86.Build.0 = Debug|Any CPU
		{B857FF25-DE78-4091-9997-0ADE406EE293}.Release Win64|Any CPU.ActiveCfg = Release|Any CPU
		{B857FF25-DE78-4091-9997-0ADE406EE293}.Release Win64|Any CPU.Build.0 = Release|Any CPU
		{B857FF25-DE78-4091-9997-0ADE406EE293}.Release Win64|x64.ActiveCfg = Release|x64
		{B857FF25-DE78-4091-9997-0ADE406EE293}.Release Win64|x64.Build.0 = Release|x64
		{B857FF25-DE78-4091-9997-0ADE406EE293}.Release Win64|x86.ActiveCfg = Release|Any CPU
		{B857FF25-DE78-4091-9997-0ADE406EE293}.Release Win64|x86.Build.0 = Release|Any CPU
		{B857FF25-DE78-4091-9997-0ADE406EE293}.Release|Any CPU.ActiveCfg = Release|Any CPU
		{B857FF25-DE78-4091-9997-0ADE406EE293}.Release|Any CPU.Build.0 = Release|Any CPU
		{B857FF25-DE78-4091-9997-0ADE406EE293}.Release|x64.ActiveCfg = Release|x64
		{B857FF25-DE78-4091-9997-0ADE406EE293}.Release|x64.Build.0 = Release|x64
		{B857FF25-DE78-4091-9997-0ADE406EE293}.Release|x86.ActiveCfg = Release|Any CPU
		{B857FF25-DE78-4091-9997-0ADE406EE293}.Release|x86.Build.0 = Release|Any CPU
		{B857FF25-DE78-4091-9997-0ADE406EE293}.ReleaseDummyClient|Any CPU.ActiveCfg = Release|Any CPU
		{B857FF25-DE78-4091-9997-0ADE406EE293}.ReleaseDummyClient|Any CPU.Build.0 = Release|Any CPU
		{B857FF25-DE78-4091-9997-0ADE406EE293}.ReleaseDummyClient|x64.ActiveCfg = Release|x64
		{B857FF25-DE78-4091-9997-0ADE406EE293}.ReleaseDummyClient|x64.Build.0 = Release|x64
		{B857FF25-DE78-4091-9997-0ADE406EE293}.ReleaseDummyClient|x86.ActiveCfg = Release|Any CPU
		{B857FF25-DE78-4091-9997-0ADE406EE293}.ReleaseDummyClient|x86.Build.0 = Release|Any CPU
		{F3F4ECD6-B32D-4DB7-90F5-3D79F436D97F}.Debug Win64|Any CPU.ActiveCfg = Debug|Any CPU
		{F3F4ECD6-B32D-4DB7-90F5-3D79F436D97F}.Debug Win64|Any CPU.Build.0 = Debug|Any CPU
		{F3F4ECD6-B32D-4DB7-90F5-3D79F436D97F}.Debug Win64|x64.ActiveCfg = Debug|x64
		{F3F4ECD6-B32D-4DB7-90F5-3D79F436D97F}.Debug Win64|x64.Build.0 = Debug|x64
		{F3F4ECD6-B32D-4DB7-90F5-3D79F436D97F}.Debug Win64|x86.ActiveCfg = Debug|Any CPU
		{F3F4ECD6-B32D-4DB7-90F5-3D79F436D97F}.Debug Win64|x86.Build.0 = Debug|Any CPU
		{F3F4ECD6-B32D-4DB7-90F5-3D79F436D97F}.Debug|Any CPU.ActiveCfg = Debug|Any CPU
		{F3F4ECD6-B32D-4DB7-90F5-3D79F436D97F}.Debug|Any CPU.Build.0 = Debug|Any CPU
		{F3F4ECD6-B32D-4DB7-90F5-3D79F436D97F}.Debug|x64.ActiveCfg = Debug|x64
		{F3F4ECD6-B32D-4DB7-90F5-3D79F436D97F}.Debug|x64.Build.0 = Debug|x64
		{F3F4ECD6-B32D-4DB7-90F5-3D79F436D97F}.Debug|x86.ActiveCfg = Debug|Any CPU
		{F3F4ECD6-B32D-4DB7-90F5-3D79F436D97F}.Debug|x86.Build.0 = Debug|Any CPU
		{F3F4ECD6-B32D-4DB7-90F5-3D79F436D97F}.DebugDummyClient|Any CPU.ActiveCfg = DebugDummyClient|Any CPU
		{F3F4ECD6-B32D-4DB7-90F5-3D79F436D97F}.DebugDummyClient|Any CPU.Build.0 = DebugDummyClient|Any CPU
		{F3F4ECD6-B32D-4DB7-90F5-3D79F436D97F}.DebugDummyClient|x64.ActiveCfg = DebugDummyClient|x64
		{F3F4ECD6-B32D-4DB7-90F5-3D79F436D97F}.DebugDummyClient|x64.Build.0 = DebugDummyClient|x64
		{F3F4ECD6-B32D-4DB7-90F5-3D79F436D97F}.DebugDummyClient|x86.ActiveCfg = DebugDummyClient|Any CPU
		{F3F4ECD6-B32D-4DB7-90F5-3D79F436D97F}.DebugDummyClient|x86.Build.0 = DebugDummyClient|Any CPU
		{F3F4ECD6-B32D-4DB7-90F5-3D79F436D97F}.Release Win64|Any CPU.ActiveCfg = Release|Any CPU
		{F3F4ECD6-B32D-4DB7-90F5-3D79F436D97F}.Release Win64|Any CPU.Build.0 = Release|Any CPU
		{F3F4ECD6-B32D-4DB7-90F5-3D79F436D97F}.Release Win64|x64.ActiveCfg = Release|x64
		{F3F4ECD6-B32D-4DB7-90F5-3D79F436D97F}.Release Win64|x64.Build.0 = Release|x64
		{F3F4ECD6-B32D-4DB7-90F5-3D79F436D97F}.Release Win64|x86.ActiveCfg = Release|Any CPU
		{F3F4ECD6-B32D-4DB7-90F5-3D79F436D97F}.Release Win64|x86.Build.0 = Release|Any CPU
		{F3F4ECD6-B32D-4DB7-90F5-3D79F436D97F}.Release|Any CPU.ActiveCfg = Release|Any CPU
		{F3F4ECD6-B32D-4DB7-90F5-3D79F436D97F}.Release|Any CPU.Build.0 = Release|Any CPU
		{F3F4ECD6-B32D-4DB7-90F5-3D79F436D97F}.Release|x64.ActiveCfg = Release|x64
		{F3F4ECD6-B32D-4DB7-90F5-3D79F436D97F}.Release|x64.Build.0 = Release|x64
		{F3F4ECD6-B32D-4DB7-90F5-3D79F436D97F}.Release|x86.ActiveCfg = Release|Any CPU
		{F3F4ECD6-B32D-4DB7-90F5-3D79F436D97F}.Release|x86.Build.0 = Release|Any CPU
		{F3F4ECD6-B32D-4DB7-90F5-3D79F436D97F}.ReleaseDummyClient|Any CPU.ActiveCfg = ReleaseDummyClient|Any CPU
		{F3F4ECD6-B32D-4DB7-90F5-3D79F436D97F}.ReleaseDummyClient|Any CPU.Build.0 = ReleaseDummyClient|Any CPU
		{F3F4ECD6-B32D-4DB7-90F5-3D79F436D97F}.ReleaseDummyClient|x64.ActiveCfg = ReleaseDummyClient|x64
		{F3F4ECD6-B32D-4DB7-90F5-3D79F436D97F}.ReleaseDummyClient|x64.Build.0 = ReleaseDummyClient|x64
		{F3F4ECD6-B32D-4DB7-90F5-3D79F436D97F}.ReleaseDummyClient|x86.ActiveCfg = ReleaseDummyClient|Any CPU
		{F3F4ECD6-B32D-4DB7-90F5-3D79F436D97F}.ReleaseDummyClient|x86.Build.0 = ReleaseDummyClient|Any CPU
		{CDD3464D-0DA8-48CF-A40B-0BAD82D4DBDB}.Debug Win64|Any CPU.ActiveCfg = Debug|Any CPU
		{CDD3464D-0DA8-48CF-A40B-0BAD82D4DBDB}.Debug Win64|Any CPU.Build.0 = Debug|Any CPU
		{CDD3464D-0DA8-48CF-A40B-0BAD82D4DBDB}.Debug Win64|x64.ActiveCfg = Debug|x64
		{CDD3464D-0DA8-48CF-A40B-0BAD82D4DBDB}.Debug Win64|x64.Build.0 = Debug|x64
		{CDD3464D-0DA8-48CF-A40B-0BAD82D4DBDB}.Debug Win64|x86.ActiveCfg = Debug|Any CPU
		{CDD3464D-0DA8-48CF-A40B-0BAD82D4DBDB}.Debug Win64|x86.Build.0 = Debug|Any CPU
		{CDD3464D-0DA8-48CF-A40B-0BAD82D4DBDB}.Debug|Any CPU.ActiveCfg = Debug|Any CPU
		{CDD3464D-0DA8-48CF-A40B-0BAD82D4DBDB}.Debug|Any CPU.Build.0 = Debug|Any CPU
		{CDD3464D-0DA8-48CF-A40B-0BAD82D4DBDB}.Debug|x64.ActiveCfg = Debug|x64
		{CDD3464D-0DA8-48CF-A40B-0BAD82D4DBDB}.Debug|x64.Build.0 = Debug|x64
		{CDD3464D-0DA8-48CF-A40B-0BAD82D4DBDB}.Debug|x86.ActiveCfg = Debug|Any CPU
		{CDD3464D-0DA8-48CF-A40B-0BAD82D4DBDB}.Debug|x86.Build.0 = Debug|Any CPU
		{CDD3464D-0DA8-48CF-A40B-0BAD82D4DBDB}.DebugDummyClient|Any CPU.ActiveCfg = Debug|Any CPU
		{CDD3464D-0DA8-48CF-A40B-0BAD82D4DBDB}.DebugDummyClient|Any CPU.Build.0 = Debug|Any CPU
		{CDD3464D-0DA8-48CF-A40B-0BAD82D4DBDB}.DebugDummyClient|x64.ActiveCfg = Debug|x64
		{CDD3464D-0DA8-48CF-A40B-0BAD82D4DBDB}.DebugDummyClient|x64.Build.0 = Debug|x64
		{CDD3464D-0DA8-48CF-A40B-0BAD82D4DBDB}.DebugDummyClient|x86.ActiveCfg = Debug|Any CPU
		{CDD3464D-0DA8-48CF-A40B-0BAD82D4DBDB}.DebugDummyClient|x86.Build.0 = Debug|Any CPU
		{CDD3464D-0DA8-48CF-A40B-0BAD82D4DBDB}.Release Win64|Any CPU.ActiveCfg = Release|Any CPU
		{CDD3464D-0DA8-48CF-A40B-0BAD82D4DBDB}.Release Win64|Any CPU.Build.0 = Release|Any CPU
		{CDD3464D-0DA8-48CF-A40B-0BAD82D4DBDB}.Release Win64|x64.ActiveCfg = Release|x64
		{CDD3464D-0DA8-48CF-A40B-0BAD82D4DBDB}.Release Win64|x64.Build.0 = Release|x64
		{CDD3464D-0DA8-48CF-A40B-0BAD82D4DBDB}.Release Win64|x86.ActiveCfg = Release|Any CPU
		{CDD3464D-0DA8-48CF-A40B-0BAD82D4DBDB}.Release Win64|x86.Build.0 = Release|Any CPU
		{CDD3464D-0DA8-48CF-A40B-0BAD82D4DBDB}.Release|Any CPU.ActiveCfg = Release|Any CPU
		{CDD3464D-0DA8-48CF-A40B-0BAD82D4DBDB}.Release|Any CPU.Build.0 = Release|Any CPU
		{CDD3464D-0DA8-48CF-A40B-0BAD82D4DBDB}.Release|x64.ActiveCfg = Release|x64
		{CDD3464D-0DA8-48CF-A40B-0BAD82D4DBDB}.Release|x64.Build.0 = Release|x64
		{CDD3464D-0DA8-48CF-A40B-0BAD82D4DBDB}.Release|x86.ActiveCfg = Release|Any CPU
		{CDD3464D-0DA8-48CF-A40B-0BAD82D4DBDB}.Release|x86.Build.0 = Release|Any CPU
		{CDD3464D-0DA8-48CF-A40B-0BAD82D4DBDB}.ReleaseDummyClient|Any CPU.ActiveCfg = Release|Any CPU
		{CDD3464D-0DA8-48CF-A40B-0BAD82D4DBDB}.ReleaseDummyClient|Any CPU.Build.0 = Release|Any CPU
		{CDD3464D-0DA8-48CF-A40B-0BAD82D4DBDB}.ReleaseDummyClient|x64.ActiveCfg = Release|x64
		{CDD3464D-0DA8-48CF-A40B-0BAD82D4DBDB}.ReleaseDummyClient|x64.Build.0 = Release|x64
		{CDD3464D-0DA8-48CF-A40B-0BAD82D4DBDB}.ReleaseDummyClient|x86.ActiveCfg = Release|Any CPU
		{CDD3464D-0DA8-48CF-A40B-0BAD82D4DBDB}.ReleaseDummyClient|x86.Build.0 = Release|Any CPU
		{0D2AF2D2-68CB-4B16-9FB7-D644B3410271}.Debug Win64|Any CPU.ActiveCfg = Debug|Any CPU
		{0D2AF2D2-68CB-4B16-9FB7-D644B3410271}.Debug Win64|Any CPU.Build.0 = Debug|Any CPU
		{0D2AF2D2-68CB-4B16-9FB7-D644B3410271}.Debug Win64|x64.ActiveCfg = Debug|x64
		{0D2AF2D2-68CB-4B16-9FB7-D644B3410271}.Debug Win64|x64.Build.0 = Debug|x64
		{0D2AF2D2-68CB-4B16-9FB7-D644B3410271}.Debug Win64|x86.ActiveCfg = Debug|Any CPU
		{0D2AF2D2-68CB-4B16-9FB7-D644B3410271}.Debug Win64|x86.Build.0 = Debug|Any CPU
		{0D2AF2D2-68CB-4B16-9FB7-D644B3410271}.Debug|Any CPU.ActiveCfg = Debug|Any CPU
		{0D2AF2D2-68CB-4B16-9FB7-D644B3410271}.Debug|Any CPU.Build.0 = Debug|Any CPU
		{0D2AF2D2-68CB-4B16-9FB7-D644B3410271}.Debug|x64.ActiveCfg = Debug|x64
		{0D2AF2D2-68CB-4B16-9FB7-D644B3410271}.Debug|x64.Build.0 = Debug|x64
		{0D2AF2D2-68CB-4B16-9FB7-D644B3410271}.Debug|x86.ActiveCfg = Debug|Any CPU
		{0D2AF2D2-68CB-4B16-9FB7-D644B3410271}.Debug|x86.Build.0 = Debug|Any CPU
		{0D2AF2D2-68CB-4B16-9FB7-D644B3410271}.DebugDummyClient|Any CPU.ActiveCfg = Debug|Any CPU
		{0D2AF2D2-68CB-4B16-9FB7-D644B3410271}.DebugDummyClient|Any CPU.Build.0 = Debug|Any CPU
		{0D2AF2D2-68CB-4B16-9FB7-D644B3410271}.DebugDummyClient|x64.ActiveCfg = Debug|x64
		{0D2AF2D2-68CB-4B16-9FB7-D644B3410271}.DebugDummyClient|x64.Build.0 = Debug|x64
		{0D2AF2D2-68CB-4B16-9FB7-D644B3410271}.DebugDummyClient|x86.ActiveCfg = Debug|Any CPU
		{0D2AF2D2-68CB-4B16-9FB7-D644B3410271}.DebugDummyClient|x86.Build.0 = Debug|Any CPU
		{0D2AF2D2-68CB-4B16-9FB7-D644B3410271}.Release Win64|Any CPU.ActiveCfg = Release|Any CPU
		{0D2AF2D2-68CB-4B16-9FB7-D644B3410271}.Release Win64|Any CPU.Build.0 = Release|Any CPU
		{0D2AF2D2-68CB-4B16-9FB7-D644B3410271}.Release Win64|x64.ActiveCfg = Release|x64
		{0D2AF2D2-68CB-4B16-9FB7-D644B3410271}.Release Win64|x64.Build.0 = Release|x64
		{0D2AF2D2-68CB-4B16-9FB7-D644B3410271}.Release Win64|x86.ActiveCfg = Release|Any CPU
		{0D2AF2D2-68CB-4B16-9FB7-D644B3410271}.Release Win64|x86.Build.0 = Release|Any CPU
		{0D2AF2D2-68CB-4B16-9FB7-D644B3410271}.Release|Any CPU.ActiveCfg = Release|Any CPU
		{0D2AF2D2-68CB-4B16-9FB7-D644B3410271}.Release|Any CPU.Build.0 = Release|Any CPU
		{0D2AF2D2-68CB-4B16-9FB7-D644B3410271}.Release|x64.ActiveCfg = Release|x64
		{0D2AF2D2-68CB-4B16-9FB7-D644B3410271}.Release|x64.Build.0 = Release|x64
		{0D2AF2D2-68CB-4B16-9FB7-D644B3410271}.Release|x86.ActiveCfg = Release|Any CPU
		{0D2AF2D2-68CB-4B16-9FB7-D644B3410271}.Release|x86.Build.0 = Release|Any CPU
		{0D2AF2D2-68CB-4B16-9FB7-D644B3410271}.ReleaseDummyClient|Any CPU.ActiveCfg = Release|Any CPU
		{0D2AF2D2-68CB-4B16-9FB7-D644B3410271}.ReleaseDummyClient|Any CPU.Build.0 = Release|Any CPU
		{0D2AF2D2-68CB-4B16-9FB7-D644B3410271}.ReleaseDummyClient|x64.ActiveCfg = Release|x64
		{0D2AF2D2-68CB-4B16-9FB7-D644B3410271}.ReleaseDummyClient|x64.Build.0 = Release|x64
		{0D2AF2D2-68CB-4B16-9FB7-D644B3410271}.ReleaseDummyClient|x86.ActiveCfg = Release|Any CPU
		{0D2AF2D2-68CB-4B16-9FB7-D644B3410271}.ReleaseDummyClient|x86.Build.0 = Release|Any CPU
		{E08C73B5-A1FC-45BB-9C22-06D78D937AD7}.Debug Win64|Any CPU.ActiveCfg = Debug|Any CPU
		{E08C73B5-A1FC-45BB-9C22-06D78D937AD7}.Debug Win64|Any CPU.Build.0 = Debug|Any CPU
		{E08C73B5-A1FC-45BB-9C22-06D78D937AD7}.Debug Win64|x64.ActiveCfg = Debug|x64
		{E08C73B5-A1FC-45BB-9C22-06D78D937AD7}.Debug Win64|x64.Build.0 = Debug|x64
		{E08C73B5-A1FC-45BB-9C22-06D78D937AD7}.Debug Win64|x86.ActiveCfg = Debug|Any CPU
		{E08C73B5-A1FC-45BB-9C22-06D78D937AD7}.Debug Win64|x86.Build.0 = Debug|Any CPU
		{E08C73B5-A1FC-45BB-9C22-06D78D937AD7}.Debug|Any CPU.ActiveCfg = Debug|Any CPU
		{E08C73B5-A1FC-45BB-9C22-06D78D937AD7}.Debug|Any CPU.Build.0 = Debug|Any CPU
		{E08C73B5-A1FC-45BB-9C22-06D78D937AD7}.Debug|x64.ActiveCfg = Debug|x64
		{E08C73B5-A1FC-45BB-9C22-06D78D937AD7}.Debug|x64.Build.0 = Debug|x64
		{E08C73B5-A1FC-45BB-9C22-06D78D937AD7}.Debug|x86.ActiveCfg = Debug|Any CPU
		{E08C73B5-A1FC-45BB-9C22-06D78D937AD7}.Debug|x86.Build.0 = Debug|Any CPU
		{E08C73B5-A1FC-45BB-9C22-06D78D937AD7}.DebugDummyClient|Any CPU.ActiveCfg = DebugDummyClient|Any CPU
		{E08C73B5-A1FC-45BB-9C22-06D78D937AD7}.DebugDummyClient|Any CPU.Build.0 = DebugDummyClient|Any CPU
		{E08C73B5-A1FC-45BB-9C22-06D78D937AD7}.DebugDummyClient|x64.ActiveCfg = DebugDummyClient|x64
		{E08C73B5-A1FC-45BB-9C22-06D78D937AD7}.DebugDummyClient|x64.Build.0 = DebugDummyClient|x64
		{E08C73B5-A1FC-45BB-9C22-06D78D937AD7}.DebugDummyClient|x86.ActiveCfg = DebugDummyClient|Any CPU
		{E08C73B5-A1FC-45BB-9C22-06D78D937AD7}.DebugDummyClient|x86.Build.0 = DebugDummyClient|Any CPU
		{E08C73B5-A1FC-45BB-9C22-06D78D937AD7}.Release Win64|Any CPU.ActiveCfg = Release|Any CPU
		{E08C73B5-A1FC-45BB-9C22-06D78D937AD7}.Release Win64|Any CPU.Build.0 = Release|Any CPU
		{E08C73B5-A1FC-45BB-9C22-06D78D937AD7}.Release Win64|x64.ActiveCfg = Release|x64
		{E08C73B5-A1FC-45BB-9C22-06D78D937AD7}.Release Win64|x64.Build.0 = Release|x64
		{E08C73B5-A1FC-45BB-9C22-06D78D937AD7}.Release Win64|x86.ActiveCfg = Release|Any CPU
		{E08C73B5-A1FC-45BB-9C22-06D78D937AD7}.Release Win64|x86.Build.0 = Release|Any CPU
		{E08C73B5-A1FC-45BB-9C22-06D78D937AD7}.Release|Any CPU.ActiveCfg = Release|Any CPU
		{E08C73B5-A1FC-45BB-9C22-06D78D937AD7}.Release|Any CPU.Build.0 = Release|Any CPU
		{E08C73B5-A1FC-45BB-9C22-06D78D937AD7}.Release|x64.ActiveCfg = Release|x64
		{E08C73B5-A1FC-45BB-9C22-06D78D937AD7}.Release|x64.Build.0 = Release|x64
		{E08C73B5-A1FC-45BB-9C22-06D78D937AD7}.Release|x86.ActiveCfg = Release|Any CPU
		{E08C73B5-A1FC-45BB-9C22-06D78D937AD7}.Release|x86.Build.0 = Release|Any CPU
		{E08C73B5-A1FC-45BB-9C22-06D78D937AD7}.ReleaseDummyClient|Any CPU.ActiveCfg = ReleaseDummyClient|Any CPU
		{E08C73B5-A1FC-45BB-9C22-06D78D937AD7}.ReleaseDummyClient|Any CPU.Build.0 = ReleaseDummyClient|Any CPU
		{E08C73B5-A1FC-45BB-9C22-06D78D937AD7}.ReleaseDummyClient|x64.ActiveCfg = ReleaseDummyClient|x64
		{E08C73B5-A1FC-45BB-9C22-06D78D937AD7}.ReleaseDummyClient|x64.Build.0 = ReleaseDummyClient|x64
		{E08C73B5-A1FC-45BB-9C22-06D78D937AD7}.ReleaseDummyClient|x86.ActiveCfg = ReleaseDummyClient|Any CPU
		{E08C73B5-A1FC-45BB-9C22-06D78D937AD7}.ReleaseDummyClient|x86.Build.0 = ReleaseDummyClient|Any CPU
		{F441C4B3-58A8-4627-B07C-264C21891861}.Debug Win64|Any CPU.ActiveCfg = Debug|Win32
		{F441C4B3-58A8-4627-B07C-264C21891861}.Debug Win64|Any CPU.Build.0 = Debug|Win32
		{F441C4B3-58A8-4627-B07C-264C21891861}.Debug Win64|x64.ActiveCfg = Debug|x64
		{F441C4B3-58A8-4627-B07C-264C21891861}.Debug Win64|x64.Build.0 = Debug|x64
		{F441C4B3-58A8-4627-B07C-264C21891861}.Debug Win64|x86.ActiveCfg = Debug|Win32
		{F441C4B3-58A8-4627-B07C-264C21891861}.Debug Win64|x86.Build.0 = Debug|Win32
		{F441C4B3-58A8-4627-B07C-264C21891861}.Debug|Any CPU.ActiveCfg = Debug|Win32
		{F441C4B3-58A8-4627-B07C-264C21891861}.Debug|x64.ActiveCfg = Debug|x64
		{F441C4B3-58A8-4627-B07C-264C21891861}.Debug|x64.Build.0 = Debug|x64
		{F441C4B3-58A8-4627-B07C-264C21891861}.Debug|x86.ActiveCfg = Debug|Win32
		{F441C4B3-58A8-4627-B07C-264C21891861}.Debug|x86.Build.0 = Debug|Win32
		{F441C4B3-58A8-4627-B07C-264C21891861}.DebugDummyClient|Any CPU.ActiveCfg = Debug|Win32
		{F441C4B3-58A8-4627-B07C-264C21891861}.DebugDummyClient|Any CPU.Build.0 = Debug|Win32
		{F441C4B3-58A8-4627-B07C-264C21891861}.DebugDummyClient|x64.ActiveCfg = Debug|x64
		{F441C4B3-58A8-4627-B07C-264C21891861}.DebugDummyClient|x64.Build.0 = Debug|x64
		{F441C4B3-58A8-4627-B07C-264C21891861}.DebugDummyClient|x86.ActiveCfg = Debug|Win32
		{F441C4B3-58A8-4627-B07C-264C21891861}.DebugDummyClient|x86.Build.0 = Debug|Win32
		{F441C4B3-58A8-4627-B07C-264C21891861}.Release Win64|Any CPU.ActiveCfg = Debug|Win32
		{F441C4B3-58A8-4627-B07C-264C21891861}.Release Win64|Any CPU.Build.0 = Debug|Win32
		{F441C4B3-58A8-4627-B07C-264C21891861}.Release Win64|x64.ActiveCfg = Release|x64
		{F441C4B3-58A8-4627-B07C-264C21891861}.Release Win64|x64.Build.0 = Release|x64
		{F441C4B3-58A8-4627-B07C-264C21891861}.Release Win64|x86.ActiveCfg = Release|Win32
		{F441C4B3-58A8-4627-B07C-264C21891861}.Release Win64|x86.Build.0 = Release|Win32
		{F441C4B3-58A8-4627-B07C-264C21891861}.Release|Any CPU.ActiveCfg = Release|Win32
		{F441C4B3-58A8-4627-B07C-264C21891861}.Release|x64.ActiveCfg = Release|x64
		{F441C4B3-58A8-4627-B07C-264C21891861}.Release|x64.Build.0 = Release|x64
		{F441C4B3-58A8-4627-B07C-264C21891861}.Release|x86.ActiveCfg = Release|Win32
		{F441C4B3-58A8-4627-B07C-264C21891861}.Release|x86.Build.0 = Release|Win32
		{F441C4B3-58A8-4627-B07C-264C21891861}.ReleaseDummyClient|Any CPU.ActiveCfg = Debug|Win32
		{F441C4B3-58A8-4627-B07C-264C21891861}.ReleaseDummyClient|Any CPU.Build.0 = Debug|Win32
		{F441C4B3-58A8-4627-B07C-264C21891861}.ReleaseDummyClient|x64.ActiveCfg = Release|x64
		{F441C4B3-58A8-4627-B07C-264C21891861}.ReleaseDummyClient|x64.Build.0 = Release|x64
		{F441C4B3-58A8-4627-B07C-264C21891861}.ReleaseDummyClient|x86.ActiveCfg = Release|Win32
		{F441C4B3-58A8-4627-B07C-264C21891861}.ReleaseDummyClient|x86.Build.0 = Release|Win32
		{CA127F78-0F35-4B48-A86A-06876D0B6289}.Debug Win64|Any CPU.ActiveCfg = Debug|Any CPU
		{CA127F78-0F35-4B48-A86A-06876D0B6289}.Debug Win64|Any CPU.Build.0 = Debug|Any CPU
		{CA127F78-0F35-4B48-A86A-06876D0B6289}.Debug Win64|x64.ActiveCfg = Debug|x64
		{CA127F78-0F35-4B48-A86A-06876D0B6289}.Debug Win64|x64.Build.0 = Debug|x64
		{CA127F78-0F35-4B48-A86A-06876D0B6289}.Debug Win64|x86.ActiveCfg = Debug|Any CPU
		{CA127F78-0F35-4B48-A86A-06876D0B6289}.Debug Win64|x86.Build.0 = Debug|Any CPU
		{CA127F78-0F35-4B48-A86A-06876D0B6289}.Debug|Any CPU.ActiveCfg = Debug|Any CPU
		{CA127F78-0F35-4B48-A86A-06876D0B6289}.Debug|Any CPU.Build.0 = Debug|Any CPU
		{CA127F78-0F35-4B48-A86A-06876D0B6289}.Debug|x64.ActiveCfg = Debug|x64
		{CA127F78-0F35-4B48-A86A-06876D0B6289}.Debug|x64.Build.0 = Debug|x64
		{CA127F78-0F35-4B48-A86A-06876D0B6289}.Debug|x86.ActiveCfg = Debug|Any CPU
		{CA127F78-0F35-4B48-A86A-06876D0B6289}.Debug|x86.Build.0 = Debug|Any CPU
		{CA127F78-0F35-4B48-A86A-06876D0B6289}.DebugDummyClient|Any CPU.ActiveCfg = Debug|Any CPU
		{CA127F78-0F35-4B48-A86A-06876D0B6289}.DebugDummyClient|Any CPU.Build.0 = Debug|Any CPU
		{CA127F78-0F35-4B48-A86A-06876D0B6289}.DebugDummyClient|x64.ActiveCfg = Debug|x64
		{CA127F78-0F35-4B48-A86A-06876D0B6289}.DebugDummyClient|x64.Build.0 = Debug|x64
		{CA127F78-0F35-4B48-A86A-06876D0B6289}.DebugDummyClient|x86.ActiveCfg = Debug|Any CPU
		{CA127F78-0F35-4B48-A86A-06876D0B6289}.DebugDummyClient|x86.Build.0 = Debug|Any CPU
		{CA127F78-0F35-4B48-A86A-06876D0B6289}.Release Win64|Any CPU.ActiveCfg = Release|Any CPU
		{CA127F78-0F35-4B48-A86A-06876D0B6289}.Release Win64|Any CPU.Build.0 = Release|Any CPU
		{CA127F78-0F35-4B48-A86A-06876D0B6289}.Release Win64|x64.ActiveCfg = Release|x64
		{CA127F78-0F35-4B48-A86A-06876D0B6289}.Release Win64|x64.Build.0 = Release|x64
		{CA127F78-0F35-4B48-A86A-06876D0B6289}.Release Win64|x86.ActiveCfg = Release|Any CPU
		{CA127F78-0F35-4B48-A86A-06876D0B6289}.Release Win64|x86.Build.0 = Release|Any CPU
		{CA127F78-0F35-4B48-A86A-06876D0B6289}.Release|Any CPU.ActiveCfg = Release|Any CPU
		{CA127F78-0F35-4B48-A86A-06876D0B6289}.Release|Any CPU.Build.0 = Release|Any CPU
		{CA127F78-0F35-4B48-A86A-06876D0B6289}.Release|x64.ActiveCfg = Release|x64
		{CA127F78-0F35-4B48-A86A-06876D0B6289}.Release|x64.Build.0 = Release|x64
		{CA127F78-0F35-4B48-A86A-06876D0B6289}.Release|x86.ActiveCfg = Release|Any CPU
		{CA127F78-0F35-4B48-A86A-06876D0B6289}.Release|x86.Build.0 = Release|Any CPU
		{CA127F78-0F35-4B48-A86A-06876D0B6289}.ReleaseDummyClient|Any CPU.ActiveCfg = Release|Any CPU
		{CA127F78-0F35-4B48-A86A-06876D0B6289}.ReleaseDummyClient|Any CPU.Build.0 = Release|Any CPU
		{CA127F78-0F35-4B48-A86A-06876D0B6289}.ReleaseDummyClient|x64.ActiveCfg = Release|x64
		{CA127F78-0F35-4B48-A86A-06876D0B6289}.ReleaseDummyClient|x64.Build.0 = Release|x64
		{CA127F78-0F35-4B48-A86A-06876D0B6289}.ReleaseDummyClient|x86.ActiveCfg = Release|Any CPU
		{CA127F78-0F35-4B48-A86A-06876D0B6289}.ReleaseDummyClient|x86.Build.0 = Release|Any CPU
		{2B7FCB71-EB50-41EB-8806-A8A5401FB4D6}.Debug Win64|Any CPU.ActiveCfg = Debug|Any CPU
		{2B7FCB71-EB50-41EB-8806-A8A5401FB4D6}.Debug Win64|Any CPU.Build.0 = Debug|Any CPU
		{2B7FCB71-EB50-41EB-8806-A8A5401FB4D6}.Debug Win64|x64.ActiveCfg = Debug|x64
		{2B7FCB71-EB50-41EB-8806-A8A5401FB4D6}.Debug Win64|x64.Build.0 = Debug|x64
		{2B7FCB71-EB50-41EB-8806-A8A5401FB4D6}.Debug Win64|x86.ActiveCfg = Debug|Any CPU
		{2B7FCB71-EB50-41EB-8806-A8A5401FB4D6}.Debug Win64|x86.Build.0 = Debug|Any CPU
		{2B7FCB71-EB50-41EB-8806-A8A5401FB4D6}.Debug|Any CPU.ActiveCfg = Debug|Any CPU
		{2B7FCB71-EB50-41EB-8806-A8A5401FB4D6}.Debug|Any CPU.Build.0 = Debug|Any CPU
		{2B7FCB71-EB50-41EB-8806-A8A5401FB4D6}.Debug|x64.ActiveCfg = Debug|x64
		{2B7FCB71-EB50-41EB-8806-A8A5401FB4D6}.Debug|x64.Build.0 = Debug|x64
		{2B7FCB71-EB50-41EB-8806-A8A5401FB4D6}.Debug|x86.ActiveCfg = Debug|Any CPU
		{2B7FCB71-EB50-41EB-8806-A8A5401FB4D6}.Debug|x86.Build.0 = Debug|Any CPU
		{2B7FCB71-EB50-41EB-8806-A8A5401FB4D6}.DebugDummyClient|Any CPU.ActiveCfg = Debug|Any CPU
		{2B7FCB71-EB50-41EB-8806-A8A5401FB4D6}.DebugDummyClient|Any CPU.Build.0 = Debug|Any CPU
		{2B7FCB71-EB50-41EB-8806-A8A5401FB4D6}.DebugDummyClient|x64.ActiveCfg = Debug|x64
		{2B7FCB71-EB50-41EB-8806-A8A5401FB4D6}.DebugDummyClient|x64.Build.0 = Debug|x64
		{2B7FCB71-EB50-41EB-8806-A8A5401FB4D6}.DebugDummyClient|x86.ActiveCfg = Debug|Any CPU
		{2B7FCB71-EB50-41EB-8806-A8A5401FB4D6}.DebugDummyClient|x86.Build.0 = Debug|Any CPU
		{2B7FCB71-EB50-41EB-8806-A8A5401FB4D6}.Release Win64|Any CPU.ActiveCfg = Release|Any CPU
		{2B7FCB71-EB50-41EB-8806-A8A5401FB4D6}.Release Win64|Any CPU.Build.0 = Release|Any CPU
		{2B7FCB71-EB50-41EB-8806-A8A5401FB4D6}.Release Win64|x64.ActiveCfg = Release|x64
		{2B7FCB71-EB50-41EB-8806-A8A5401FB4D6}.Release Win64|x64.Build.0 = Release|x64
		{2B7FCB71-EB50-41EB-8806-A8A5401FB4D6}.Release Win64|x86.ActiveCfg = Release|Any CPU
		{2B7FCB71-EB50-41EB-8806-A8A5401FB4D6}.Release Win64|x86.Build.0 = Release|Any CPU
		{2B7FCB71-EB50-41EB-8806-A8A5401FB4D6}.Release|Any CPU.ActiveCfg = Release|Any CPU
		{2B7FCB71-EB50-41EB-8806-A8A5401FB4D6}.Release|Any CPU.Build.0 = Release|Any CPU
		{2B7FCB71-EB50-41EB-8806-A8A5401FB4D6}.Release|x64.ActiveCfg = Release|x64
		{2B7FCB71-EB50-41EB-8806-A8A5401FB4D6}.Release|x64.Build.0 = Release|x64
		{2B7FCB71-EB50-41EB-8806-A8A5401FB4D6}.Release|x86.ActiveCfg = Release|Any CPU
		{2B7FCB71-EB50-41EB-8806-A8A5401FB4D6}.Release|x86.Build.0 = Release|Any CPU
		{2B7FCB71-EB50-41EB-8806-A8A5401FB4D6}.ReleaseDummyClient|Any CPU.ActiveCfg = Release|Any CPU
		{2B7FCB71-EB50-41EB-8806-A8A5401FB4D6}.ReleaseDummyClient|Any CPU.Build.0 = Release|Any CPU
		{2B7FCB71-EB50-41EB-8806-A8A5401FB4D6}.ReleaseDummyClient|x64.ActiveCfg = Release|x64
		{2B7FCB71-EB50-41EB-8806-A8A5401FB4D6}.ReleaseDummyClient|x64.Build.0 = Release|x64
		{2B7FCB71-EB50-41EB-8806-A8A5401FB4D6}.ReleaseDummyClient|x86.ActiveCfg = Release|Any CPU
		{2B7FCB71-EB50-41EB-8806-A8A5401FB4D6}.ReleaseDummyClient|x86.Build.0 = Release|Any CPU
		{099E4267-447D-42E0-B267-48FC3BE0976C}.Debug Win64|Any CPU.ActiveCfg = Debug|Any CPU
		{099E4267-447D-42E0-B267-48FC3BE0976C}.Debug Win64|Any CPU.Build.0 = Debug|Any CPU
		{099E4267-447D-42E0-B267-48FC3BE0976C}.Debug Win64|x64.ActiveCfg = Debug|x64
		{099E4267-447D-42E0-B267-48FC3BE0976C}.Debug Win64|x64.Build.0 = Debug|x64
		{099E4267-447D-42E0-B267-48FC3BE0976C}.Debug Win64|x86.ActiveCfg = Debug|Any CPU
		{099E4267-447D-42E0-B267-48FC3BE0976C}.Debug Win64|x86.Build.0 = Debug|Any CPU
		{099E4267-447D-42E0-B267-48FC3BE0976C}.Debug|Any CPU.ActiveCfg = Debug|Any CPU
		{099E4267-447D-42E0-B267-48FC3BE0976C}.Debug|Any CPU.Build.0 = Debug|Any CPU
		{099E4267-447D-42E0-B267-48FC3BE0976C}.Debug|x64.ActiveCfg = Debug|x64
		{099E4267-447D-42E0-B267-48FC3BE0976C}.Debug|x64.Build.0 = Debug|x64
		{099E4267-447D-42E0-B267-48FC3BE0976C}.Debug|x86.ActiveCfg = Debug|Any CPU
		{099E4267-447D-42E0-B267-48FC3BE0976C}.Debug|x86.Build.0 = Debug|Any CPU
		{099E4267-447D-42E0-B267-48FC3BE0976C}.DebugDummyClient|Any CPU.ActiveCfg = Debug|Any CPU
		{099E4267-447D-42E0-B267-48FC3BE0976C}.DebugDummyClient|Any CPU.Build.0 = Debug|Any CPU
		{099E4267-447D-42E0-B267-48FC3BE0976C}.DebugDummyClient|x64.ActiveCfg = Debug|x64
		{099E4267-447D-42E0-B267-48FC3BE0976C}.DebugDummyClient|x64.Build.0 = Debug|x64
		{099E4267-447D-42E0-B267-48FC3BE0976C}.DebugDummyClient|x86.ActiveCfg = Debug|Any CPU
		{099E4267-447D-42E0-B267-48FC3BE0976C}.DebugDummyClient|x86.Build.0 = Debug|Any CPU
		{099E4267-447D-42E0-B267-48FC3BE0976C}.Release Win64|Any CPU.ActiveCfg = Release|Any CPU
		{099E4267-447D-42E0-B267-48FC3BE0976C}.Release Win64|Any CPU.Build.0 = Release|Any CPU
		{099E4267-447D-42E0-B267-48FC3BE0976C}.Release Win64|x64.ActiveCfg = Release|x64
		{099E4267-447D-42E0-B267-48FC3BE0976C}.Release Win64|x64.Build.0 = Release|x64
		{099E4267-447D-42E0-B267-48FC3BE0976C}.Release Win64|x86.ActiveCfg = Release|Any CPU
		{099E4267-447D-42E0-B267-48FC3BE0976C}.Release Win64|x86.Build.0 = Release|Any CPU
		{099E4267-447D-42E0-B267-48FC3BE0976C}.Release|Any CPU.ActiveCfg = Release|Any CPU
		{099E4267-447D-42E0-B267-48FC3BE0976C}.Release|Any CPU.Build.0 = Release|Any CPU
		{099E4267-447D-42E0-B267-48FC3BE0976C}.Release|x64.ActiveCfg = Release|x64
		{099E4267-447D-42E0-B267-48FC3BE0976C}.Release|x64.Build.0 = Release|x64
		{099E4267-447D-42E0-B267-48FC3BE0976C}.Release|x86.ActiveCfg = Release|Any CPU
		{099E4267-447D-42E0-B267-48FC3BE0976C}.Release|x86.Build.0 = Release|Any CPU
		{099E4267-447D-42E0-B267-48FC3BE0976C}.ReleaseDummyClient|Any CPU.ActiveCfg = Release|Any CPU
		{099E4267-447D-42E0-B267-48FC3BE0976C}.ReleaseDummyClient|Any CPU.Build.0 = Release|Any CPU
		{099E4267-447D-42E0-B267-48FC3BE0976C}.ReleaseDummyClient|x64.ActiveCfg = Release|x64
		{099E4267-447D-42E0-B267-48FC3BE0976C}.ReleaseDummyClient|x64.Build.0 = Release|x64
		{099E4267-447D-42E0-B267-48FC3BE0976C}.ReleaseDummyClient|x86.ActiveCfg = Release|Any CPU
		{099E4267-447D-42E0-B267-48FC3BE0976C}.ReleaseDummyClient|x86.Build.0 = Release|Any CPU
		{F5B12310-C73F-4010-833C-A32E8B2575F5}.Debug Win64|Any CPU.ActiveCfg = Debug|Any CPU
		{F5B12310-C73F-4010-833C-A32E8B2575F5}.Debug Win64|Any CPU.Build.0 = Debug|Any CPU
		{F5B12310-C73F-4010-833C-A32E8B2575F5}.Debug Win64|x64.ActiveCfg = Debug|x64
		{F5B12310-C73F-4010-833C-A32E8B2575F5}.Debug Win64|x64.Build.0 = Debug|x64
		{F5B12310-C73F-4010-833C-A32E8B2575F5}.Debug Win64|x86.ActiveCfg = Debug|Any CPU
		{F5B12310-C73F-4010-833C-A32E8B2575F5}.Debug Win64|x86.Build.0 = Debug|Any CPU
		{F5B12310-C73F-4010-833C-A32E8B2575F5}.Debug|Any CPU.ActiveCfg = Debug|Any CPU
		{F5B12310-C73F-4010-833C-A32E8B2575F5}.Debug|Any CPU.Build.0 = Debug|Any CPU
		{F5B12310-C73F-4010-833C-A32E8B2575F5}.Debug|x64.ActiveCfg = Debug|x64
		{F5B12310-C73F-4010-833C-A32E8B2575F5}.Debug|x64.Build.0 = Debug|x64
		{F5B12310-C73F-4010-833C-A32E8B2575F5}.Debug|x86.ActiveCfg = Debug|Any CPU
		{F5B12310-C73F-4010-833C-A32E8B2575F5}.Debug|x86.Build.0 = Debug|Any CPU
		{F5B12310-C73F-4010-833C-A32E8B2575F5}.DebugDummyClient|Any CPU.ActiveCfg = Debug|Any CPU
		{F5B12310-C73F-4010-833C-A32E8B2575F5}.DebugDummyClient|Any CPU.Build.0 = Debug|Any CPU
		{F5B12310-C73F-4010-833C-A32E8B2575F5}.DebugDummyClient|x64.ActiveCfg = Debug|x64
		{F5B12310-C73F-4010-833C-A32E8B2575F5}.DebugDummyClient|x64.Build.0 = Debug|x64
		{F5B12310-C73F-4010-833C-A32E8B2575F5}.DebugDummyClient|x86.ActiveCfg = Debug|Any CPU
		{F5B12310-C73F-4010-833C-A32E8B2575F5}.DebugDummyClient|x86.Build.0 = Debug|Any CPU
		{F5B12310-C73F-4010-833C-A32E8B2575F5}.Release Win64|Any CPU.ActiveCfg = Release|Any CPU
		{F5B12310-C73F-4010-833C-A32E8B2575F5}.Release Win64|Any CPU.Build.0 = Release|Any CPU
		{F5B12310-C73F-4010-833C-A32E8B2575F5}.Release Win64|x64.ActiveCfg = Release|x64
		{F5B12310-C73F-4010-833C-A32E8B2575F5}.Release Win64|x64.Build.0 = Release|x64
		{F5B12310-C73F-4010-833C-A32E8B2575F5}.Release Win64|x86.ActiveCfg = Release|Any CPU
		{F5B12310-C73F-4010-833C-A32E8B2575F5}.Release Win64|x86.Build.0 = Release|Any CPU
		{F5B12310-C73F-4010-833C-A32E8B2575F5}.Release|Any CPU.ActiveCfg = Release|Any CPU
		{F5B12310-C73F-4010-833C-A32E8B2575F5}.Release|Any CPU.Build.0 = Release|Any CPU
		{F5B12310-C73F-4010-833C-A32E8B2575F5}.Release|x64.ActiveCfg = Release|x64
		{F5B12310-C73F-4010-833C-A32E8B2575F5}.Release|x64.Build.0 = Release|x64
		{F5B12310-C73F-4010-833C-A32E8B2575F5}.Release|x86.ActiveCfg = Release|Any CPU
		{F5B12310-C73F-4010-833C-A32E8B2575F5}.Release|x86.Build.0 = Release|Any CPU
		{F5B12310-C73F-4010-833C-A32E8B2575F5}.ReleaseDummyClient|Any CPU.ActiveCfg = Release|Any CPU
		{F5B12310-C73F-4010-833C-A32E8B2575F5}.ReleaseDummyClient|Any CPU.Build.0 = Release|Any CPU
		{F5B12310-C73F-4010-833C-A32E8B2575F5}.ReleaseDummyClient|x64.ActiveCfg = Release|x64
		{F5B12310-C73F-4010-833C-A32E8B2575F5}.ReleaseDummyClient|x64.Build.0 = Release|x64
		{F5B12310-C73F-4010-833C-A32E8B2575F5}.ReleaseDummyClient|x86.ActiveCfg = Release|Any CPU
		{F5B12310-C73F-4010-833C-A32E8B2575F5}.ReleaseDummyClient|x86.Build.0 = Release|Any CPU
		{F501E58A-36A6-4929-96F2-FC6E49F0BE41}.Debug Win64|Any CPU.ActiveCfg = Debug|Any CPU
		{F501E58A-36A6-4929-96F2-FC6E49F0BE41}.Debug Win64|Any CPU.Build.0 = Debug|Any CPU
		{F501E58A-36A6-4929-96F2-FC6E49F0BE41}.Debug Win64|x64.ActiveCfg = Debug|Any CPU
		{F501E58A-36A6-4929-96F2-FC6E49F0BE41}.Debug Win64|x64.Build.0 = Debug|Any CPU
		{F501E58A-36A6-4929-96F2-FC6E49F0BE41}.Debug Win64|x86.ActiveCfg = Debug|Any CPU
		{F501E58A-36A6-4929-96F2-FC6E49F0BE41}.Debug Win64|x86.Build.0 = Debug|Any CPU
		{F501E58A-36A6-4929-96F2-FC6E49F0BE41}.Debug|Any CPU.ActiveCfg = Debug|Any CPU
		{F501E58A-36A6-4929-96F2-FC6E49F0BE41}.Debug|Any CPU.Build.0 = Debug|Any CPU
		{F501E58A-36A6-4929-96F2-FC6E49F0BE41}.Debug|x64.ActiveCfg = Debug|Any CPU
		{F501E58A-36A6-4929-96F2-FC6E49F0BE41}.Debug|x64.Build.0 = Debug|Any CPU
		{F501E58A-36A6-4929-96F2-FC6E49F0BE41}.Debug|x86.ActiveCfg = Debug|Any CPU
		{F501E58A-36A6-4929-96F2-FC6E49F0BE41}.Debug|x86.Build.0 = Debug|Any CPU
		{F501E58A-36A6-4929-96F2-FC6E49F0BE41}.DebugDummyClient|Any CPU.ActiveCfg = Debug|Any CPU
		{F501E58A-36A6-4929-96F2-FC6E49F0BE41}.DebugDummyClient|Any CPU.Build.0 = Debug|Any CPU
		{F501E58A-36A6-4929-96F2-FC6E49F0BE41}.DebugDummyClient|x64.ActiveCfg = Debug|Any CPU
		{F501E58A-36A6-4929-96F2-FC6E49F0BE41}.DebugDummyClient|x64.Build.0 = Debug|Any CPU
		{F501E58A-36A6-4929-96F2-FC6E49F0BE41}.DebugDummyClient|x86.ActiveCfg = Debug|Any CPU
		{F501E58A-36A6-4929-96F2-FC6E49F0BE41}.DebugDummyClient|x86.Build.0 = Debug|Any CPU
		{F501E58A-36A6-4929-96F2-FC6E49F0BE41}.Release Win64|Any CPU.ActiveCfg = Release|Any CPU
		{F501E58A-36A6-4929-96F2-FC6E49F0BE41}.Release Win64|Any CPU.Build.0 = Release|Any CPU
		{F501E58A-36A6-4929-96F2-FC6E49F0BE41}.Release Win64|x64.ActiveCfg = Release|Any CPU
		{F501E58A-36A6-4929-96F2-FC6E49F0BE41}.Release Win64|x64.Build.0 = Release|Any CPU
		{F501E58A-36A6-4929-96F2-FC6E49F0BE41}.Release Win64|x86.ActiveCfg = Release|Any CPU
		{F501E58A-36A6-4929-96F2-FC6E49F0BE41}.Release Win64|x86.Build.0 = Release|Any CPU
		{F501E58A-36A6-4929-96F2-FC6E49F0BE41}.Release|Any CPU.ActiveCfg = Release|Any CPU
		{F501E58A-36A6-4929-96F2-FC6E49F0BE41}.Release|Any CPU.Build.0 = Release|Any CPU
		{F501E58A-36A6-4929-96F2-FC6E49F0BE41}.Release|x64.ActiveCfg = Release|Any CPU
		{F501E58A-36A6-4929-96F2-FC6E49F0BE41}.Release|x64.Build.0 = Release|Any CPU
		{F501E58A-36A6-4929-96F2-FC6E49F0BE41}.Release|x86.ActiveCfg = Release|Any CPU
		{F501E58A-36A6-4929-96F2-FC6E49F0BE41}.Release|x86.Build.0 = Release|Any CPU
		{F501E58A-36A6-4929-96F2-FC6E49F0BE41}.ReleaseDummyClient|Any CPU.ActiveCfg = Release|Any CPU
		{F501E58A-36A6-4929-96F2-FC6E49F0BE41}.ReleaseDummyClient|Any CPU.Build.0 = Release|Any CPU
		{F501E58A-36A6-4929-96F2-FC6E49F0BE41}.ReleaseDummyClient|x64.ActiveCfg = Release|Any CPU
		{F501E58A-36A6-4929-96F2-FC6E49F0BE41}.ReleaseDummyClient|x64.Build.0 = Release|Any CPU
		{F501E58A-36A6-4929-96F2-FC6E49F0BE41}.ReleaseDummyClient|x86.ActiveCfg = Release|Any CPU
		{F501E58A-36A6-4929-96F2-FC6E49F0BE41}.ReleaseDummyClient|x86.Build.0 = Release|Any CPU
		{5978BDC7-B6B6-443C-89B3-096A6BB69083}.Debug Win64|Any CPU.ActiveCfg = Debug|Win32
		{5978BDC7-B6B6-443C-89B3-096A6BB69083}.Debug Win64|Any CPU.Build.0 = Debug|Win32
		{5978BDC7-B6B6-443C-89B3-096A6BB69083}.Debug Win64|x64.ActiveCfg = Debug|x64
		{5978BDC7-B6B6-443C-89B3-096A6BB69083}.Debug Win64|x64.Build.0 = Debug|x64
		{5978BDC7-B6B6-443C-89B3-096A6BB69083}.Debug Win64|x86.ActiveCfg = Debug|Win32
		{5978BDC7-B6B6-443C-89B3-096A6BB69083}.Debug Win64|x86.Build.0 = Debug|Win32
		{5978BDC7-B6B6-443C-89B3-096A6BB69083}.Debug|Any CPU.ActiveCfg = Debug|Win32
		{5978BDC7-B6B6-443C-89B3-096A6BB69083}.Debug|x64.ActiveCfg = Debug|x64
		{5978BDC7-B6B6-443C-89B3-096A6BB69083}.Debug|x64.Build.0 = Debug|x64
		{5978BDC7-B6B6-443C-89B3-096A6BB69083}.Debug|x86.ActiveCfg = Debug|Win32
		{5978BDC7-B6B6-443C-89B3-096A6BB69083}.Debug|x86.Build.0 = Debug|Win32
		{5978BDC7-B6B6-443C-89B3-096A6BB69083}.DebugDummyClient|Any CPU.ActiveCfg = Debug|Win32
		{5978BDC7-B6B6-443C-89B3-096A6BB69083}.DebugDummyClient|Any CPU.Build.0 = Debug|Win32
		{5978BDC7-B6B6-443C-89B3-096A6BB69083}.DebugDummyClient|x64.ActiveCfg = Debug|x64
		{5978BDC7-B6B6-443C-89B3-096A6BB69083}.DebugDummyClient|x64.Build.0 = Debug|x64
		{5978BDC7-B6B6-443C-89B3-096A6BB69083}.DebugDummyClient|x86.ActiveCfg = Debug|Win32
		{5978BDC7-B6B6-443C-89B3-096A6BB69083}.DebugDummyClient|x86.Build.0 = Debug|Win32
		{5978BDC7-B6B6-443C-89B3-096A6BB69083}.Release Win64|Any CPU.ActiveCfg = Debug|Win32
		{5978BDC7-B6B6-443C-89B3-096A6BB69083}.Release Win64|Any CPU.Build.0 = Debug|Win32
		{5978BDC7-B6B6-443C-89B3-096A6BB69083}.Release Win64|x64.ActiveCfg = Release|x64
		{5978BDC7-B6B6-443C-89B3-096A6BB69083}.Release Win64|x64.Build.0 = Release|x64
		{5978BDC7-B6B6-443C-89B3-096A6BB69083}.Release Win64|x86.ActiveCfg = Release|Win32
		{5978BDC7-B6B6-443C-89B3-096A6BB69083}.Release Win64|x86.Build.0 = Release|Win32
		{5978BDC7-B6B6-443C-89B3-096A6BB69083}.Release|Any CPU.ActiveCfg = Release|Win32
		{5978BDC7-B6B6-443C-89B3-096A6BB69083}.Release|x64.ActiveCfg = Release|x64
		{5978BDC7-B6B6-443C-89B3-096A6BB69083}.Release|x64.Build.0 = Release|x64
		{5978BDC7-B6B6-443C-89B3-096A6BB69083}.Release|x86.ActiveCfg = Release|Win32
		{5978BDC7-B6B6-443C-89B3-096A6BB69083}.Release|x86.Build.0 = Release|Win32
		{5978BDC7-B6B6-443C-89B3-096A6BB69083}.ReleaseDummyClient|Any CPU.ActiveCfg = Debug|Win32
		{5978BDC7-B6B6-443C-89B3-096A6BB69083}.ReleaseDummyClient|Any CPU.Build.0 = Debug|Win32
		{5978BDC7-B6B6-443C-89B3-096A6BB69083}.ReleaseDummyClient|x64.ActiveCfg = Release|x64
		{5978BDC7-B6B6-443C-89B3-096A6BB69083}.ReleaseDummyClient|x64.Build.0 = Release|x64
		{5978BDC7-B6B6-443C-89B3-096A6BB69083}.ReleaseDummyClient|x86.ActiveCfg = Release|Win32
		{5978BDC7-B6B6-443C-89B3-096A6BB69083}.ReleaseDummyClient|x86.Build.0 = Release|Win32
		{8E24C208-4D79-43BE-941D-DBD48E5A4264}.Debug Win64|Any CPU.ActiveCfg = Debug|x64
		{8E24C208-4D79-43BE-941D-DBD48E5A4264}.Debug Win64|Any CPU.Build.0 = Debug|x64
		{8E24C208-4D79-43BE-941D-DBD48E5A4264}.Debug Win64|x64.ActiveCfg = Debug|x64
		{8E24C208-4D79-43BE-941D-DBD48E5A4264}.Debug Win64|x64.Build.0 = Debug|x64
		{8E24C208-4D79-43BE-941D-DBD48E5A4264}.Debug Win64|x86.ActiveCfg = Debug|Win32
		{8E24C208-4D79-43BE-941D-DBD48E5A4264}.Debug Win64|x86.Build.0 = Debug|Win32
		{8E24C208-4D79-43BE-941D-DBD48E5A4264}.Debug|Any CPU.ActiveCfg = Debug|x64
		{8E24C208-4D79-43BE-941D-DBD48E5A4264}.Debug|Any CPU.Build.0 = Debug|x64
		{8E24C208-4D79-43BE-941D-DBD48E5A4264}.Debug|x64.ActiveCfg = Debug|x64
		{8E24C208-4D79-43BE-941D-DBD48E5A4264}.Debug|x64.Build.0 = Debug|x64
		{8E24C208-4D79-43BE-941D-DBD48E5A4264}.Debug|x86.ActiveCfg = Debug|Win32
		{8E24C208-4D79-43BE-941D-DBD48E5A4264}.Debug|x86.Build.0 = Debug|Win32
		{8E24C208-4D79-43BE-941D-DBD48E5A4264}.DebugDummyClient|Any CPU.ActiveCfg = Debug|x64
		{8E24C208-4D79-43BE-941D-DBD48E5A4264}.DebugDummyClient|Any CPU.Build.0 = Debug|x64
		{8E24C208-4D79-43BE-941D-DBD48E5A4264}.DebugDummyClient|x64.ActiveCfg = Debug|x64
		{8E24C208-4D79-43BE-941D-DBD48E5A4264}.DebugDummyClient|x64.Build.0 = Debug|x64
		{8E24C208-4D79-43BE-941D-DBD48E5A4264}.DebugDummyClient|x86.ActiveCfg = Debug|Win32
		{8E24C208-4D79-43BE-941D-DBD48E5A4264}.DebugDummyClient|x86.Build.0 = Debug|Win32
		{8E24C208-4D79-43BE-941D-DBD48E5A4264}.Release Win64|Any CPU.ActiveCfg = Release|x64
		{8E24C208-4D79-43BE-941D-DBD48E5A4264}.Release Win64|Any CPU.Build.0 = Release|x64
		{8E24C208-4D79-43BE-941D-DBD48E5A4264}.Release Win64|x64.ActiveCfg = Release|x64
		{8E24C208-4D79-43BE-941D-DBD48E5A4264}.Release Win64|x64.Build.0 = Release|x64
		{8E24C208-4D79-43BE-941D-DBD48E5A4264}.Release Win64|x86.ActiveCfg = Release|Win32
		{8E24C208-4D79-43BE-941D-DBD48E5A4264}.Release Win64|x86.Build.0 = Release|Win32
		{8E24C208-4D79-43BE-941D-DBD48E5A4264}.Release|Any CPU.ActiveCfg = Release|x64
		{8E24C208-4D79-43BE-941D-DBD48E5A4264}.Release|Any CPU.Build.0 = Release|x64
		{8E24C208-4D79-43BE-941D-DBD48E5A4264}.Release|x64.ActiveCfg = Release|x64
		{8E24C208-4D79-43BE-941D-DBD48E5A4264}.Release|x64.Build.0 = Release|x64
		{8E24C208-4D79-43BE-941D-DBD48E5A4264}.Release|x86.ActiveCfg = Release|Win32
		{8E24C208-4D79-43BE-941D-DBD48E5A4264}.Release|x86.Build.0 = Release|Win32
		{8E24C208-4D79-43BE-941D-DBD48E5A4264}.ReleaseDummyClient|Any CPU.ActiveCfg = Release|x64
		{8E24C208-4D79-43BE-941D-DBD48E5A4264}.ReleaseDummyClient|Any CPU.Build.0 = Release|x64
		{8E24C208-4D79-43BE-941D-DBD48E5A4264}.ReleaseDummyClient|x64.ActiveCfg = Release|x64
		{8E24C208-4D79-43BE-941D-DBD48E5A4264}.ReleaseDummyClient|x64.Build.0 = Release|x64
		{8E24C208-4D79-43BE-941D-DBD48E5A4264}.ReleaseDummyClient|x86.ActiveCfg = Release|Win32
		{8E24C208-4D79-43BE-941D-DBD48E5A4264}.ReleaseDummyClient|x86.Build.0 = Release|Win32
	EndGlobalSection
	GlobalSection(SolutionProperties) = preSolution
		HideSolutionNode = FALSE
	EndGlobalSection
	GlobalSection(NestedProjects) = preSolution
		{F501E58A-36A6-4929-96F2-FC6E49F0BE41} = {A263EEE6-80FB-4CEF-8EFF-1E14DB230E0D}
	EndGlobalSection
	GlobalSection(ExtensibilityGlobals) = postSolution
		SolutionGuid = {47226FB8-C018-4AD9-B30B-544481141105}
	EndGlobalSection
EndGlobal
