<?xml version="1.0" encoding="utf-8"?>
<Project ToolsVersion="4.0" xmlns="http://schemas.microsoft.com/developer/msbuild/2003">
  <ItemGroup>
    <Filter Include="리소스 파일">
      <UniqueIdentifier>{67DA6AB6-F800-4c08-8B7A-83BB121AAD01}</UniqueIdentifier>
      <Extensions>rc;ico;cur;bmp;dlg;rc2;rct;bin;rgs;gif;jpg;jpeg;jpe;resx;tiff;tif;png;wav;mfcribbon-ms</Extensions>
    </Filter>
    <Filter Include="ECS">
      <UniqueIdentifier>{42081c05-332a-4309-aa6b-d05e3698a353}</UniqueIdentifier>
    </Filter>
    <Filter Include="Grid">
      <UniqueIdentifier>{8d4a5077-1a77-4d55-a830-abbe94be5aff}</UniqueIdentifier>
    </Filter>
    <Filter Include="RingBuffer">
      <UniqueIdentifier>{7d82d9cf-1605-452c-ad8c-4deadaee74df}</UniqueIdentifier>
    </Filter>
    <Filter Include="Random">
      <UniqueIdentifier>{d2ca0b4d-59ef-48ef-bc77-6d80aaa2fa57}</UniqueIdentifier>
    </Filter>
    <Filter Include="Time">
      <UniqueIdentifier>{ec8e8a14-f774-4018-9a03-b9a06ed87a90}</UniqueIdentifier>
    </Filter>
    <Filter Include="EventBroker">
      <UniqueIdentifier>{79dc5367-e19e-45a0-8e2d-c8d49b84aa6b}</UniqueIdentifier>
    </Filter>
  </ItemGroup>
  <ItemGroup>
    <ClCompile Include="GridManager.cpp">
      <Filter>Grid</Filter>
    </ClCompile>
    <ClCompile Include="IGridActor.h">
      <Filter>Grid</Filter>
    </ClCompile>
    <ClCompile Include="RingBuffer.cpp">
      <Filter>RingBuffer</Filter>
    </ClCompile>
    <ClCompile Include="RandomUtil.cpp">
      <Filter>Random</Filter>
    </ClCompile>
    <ClCompile Include="TimeStamp.cpp">
      <Filter>Time</Filter>
    </ClCompile>
    <ClCompile Include="NonThreadSafeBus.h">
      <Filter>EventBroker</Filter>
    </ClCompile>
  </ItemGroup>
  <ItemGroup>
    <ClInclude Include="Components.h">
      <Filter>ECS</Filter>
    </ClInclude>
    <ClInclude Include="ECS.h">
      <Filter>ECS</Filter>
    </ClInclude>
    <ClInclude Include="SystemManager.h">
      <Filter>ECS</Filter>
    </ClInclude>
    <ClInclude Include="Systems.h">
      <Filter>ECS</Filter>
    </ClInclude>
    <ClInclude Include="GridManager.h">
      <Filter>Grid</Filter>
    </ClInclude>
    <ClInclude Include="RingBuffer.h">
      <Filter>RingBuffer</Filter>
    </ClInclude>
    <ClInclude Include="RandomUtil.h">
      <Filter>Random</Filter>
    </ClInclude>
    <ClInclude Include="TimeStamp.h">
      <Filter>Time</Filter>
    </ClInclude>
    <ClInclude Include="CacheOptimizedSystem.h">
      <Filter>ECS</Filter>
    </ClInclude>
    <ClInclude Include="EventBroker.h">
      <Filter>EventBroker</Filter>
    </ClInclude>
    <ClInclude Include="EventBus.h">
      <Filter>EventBroker</Filter>
    </ClInclude>
    <ClInclude Include="NonThreadSafeQueue.h">
      <Filter>EventBroker</Filter>
    </ClInclude>
    <ClInclude Include="BoostConcurrentQueue.h">
      <Filter>EventBroker</Filter>
    </ClInclude>
    <ClInclude Include="NonThreadSafe.h">
      <Filter>EventBroker</Filter>
    </ClInclude>
    <ClInclude Include="ThreadSafe.h">
      <Filter>EventBroker</Filter>
    </ClInclude>
    <ClInclude Include="MoodycamelConcurrentQueue.h">
      <Filter>EventBroker</Filter>
    </ClInclude>
  </ItemGroup>
</Project>