<?xml version="1.0" encoding="utf-8"?>
<Project ToolsVersion="4.0" xmlns="http://schemas.microsoft.com/developer/msbuild/2003">
  <ItemGroup>
    <Filter Include="리소스 파일">
      <UniqueIdentifier>{67DA6AB6-F800-4c08-8B7A-83BB121AAD01}</UniqueIdentifier>
      <Extensions>rc;ico;cur;bmp;dlg;rc2;rct;bin;rgs;gif;jpg;jpeg;jpe;resx;tiff;tif;png;wav;mfcribbon-ms</Extensions>
    </Filter>
    <Filter Include="ECS">
      <UniqueIdentifier>{42081c05-332a-4309-aa6b-d05e3698a353}</UniqueIdentifier>
    </Filter>
    <Filter Include="Grid">
      <UniqueIdentifier>{8d4a5077-1a77-4d55-a830-abbe94be5aff}</UniqueIdentifier>
    </Filter>
    <Filter Include="RingBuffer">
      <UniqueIdentifier>{7d82d9cf-1605-452c-ad8c-4deadaee74df}</UniqueIdentifier>
    </Filter>
    <Filter Include="Random">
      <UniqueIdentifier>{d2ca0b4d-59ef-48ef-bc77-6d80aaa2fa57}</UniqueIdentifier>
    </Filter>
    <Filter Include="Time">
      <UniqueIdentifier>{ec8e8a14-f774-4018-9a03-b9a06ed87a90}</UniqueIdentifier>
    </Filter>
    <Filter Include="EventBroker">
      <UniqueIdentifier>{79dc5367-e19e-45a0-8e2d-c8d49b84aa6b}</UniqueIdentifier>
    </Filter>
    <Filter Include="Actor">
      <UniqueIdentifier>{e1771e22-b5fd-4215-8661-f99412a06b4a}</UniqueIdentifier>
    </Filter>
    <Filter Include="AI">
      <UniqueIdentifier>{30aba9c6-232f-46e0-9bfb-0d7c441bd6e1}</UniqueIdentifier>
    </Filter>
    <Filter Include="Controller">
      <UniqueIdentifier>{ce6fade7-ea59-4be4-9fb6-55eb8bdd1100}</UniqueIdentifier>
    </Filter>
    <Filter Include="GameMode">
      <UniqueIdentifier>{0876397d-aa79-4bd0-a7f8-255dabcffed1}</UniqueIdentifier>
    </Filter>
    <Filter Include="GameObject">
      <UniqueIdentifier>{73f233f1-36ab-4c41-8686-2628d242b74f}</UniqueIdentifier>
    </Filter>
    <Filter Include="Message">
      <UniqueIdentifier>{7a6adc4d-e897-419a-b670-37105ece92be}</UniqueIdentifier>
    </Filter>
    <Filter Include="Movement">
      <UniqueIdentifier>{d086abd8-6fcb-4c40-839c-0cd112f5c97c}</UniqueIdentifier>
    </Filter>
    <Filter Include="Player">
      <UniqueIdentifier>{20a3f127-da87-4d53-a9a2-38a2076b6a42}</UniqueIdentifier>
    </Filter>
    <Filter Include="Level">
      <UniqueIdentifier>{3f7b1e2a-9c4d-4e6f-8a1b-2c5d7e9f0a13}</UniqueIdentifier>
    </Filter>
    <Filter Include="MonsterData">
      <UniqueIdentifier>{4a8c2f3b-1d5e-4f7a-9b2c-3d6e8f0a1b24}</UniqueIdentifier>
    </Filter>
    <Filter Include="Quest">
      <UniqueIdentifier>{523c06b1-c4fa-4fba-8a53-d671dae0bc79}</UniqueIdentifier>
    </Filter>
    <Filter Include="skill">
      <UniqueIdentifier>{9c6d76e4-1915-4245-a42b-da9c4c31da6a}</UniqueIdentifier>
    </Filter>
    <Filter Include="Item">
      <UniqueIdentifier>{1a2b3c4d-5e6f-4a7b-8c9d-0e1f2a3b4c5d}</UniqueIdentifier>
    </Filter>
    <Filter Include="Map">
      <UniqueIdentifier>{2b3c4d5e-6f7a-4b8c-9d0e-1f2a3b4c5d6e}</UniqueIdentifier>
    </Filter>
    <Filter Include="SQL">
      <UniqueIdentifier>{cf05b3ec-c90a-4800-b9ab-fe562019ed30}</UniqueIdentifier>
    </Filter>
    <Filter Include="System">
      <UniqueIdentifier>{66087256-9230-454e-8ff0-5b187d1e6083}</UniqueIdentifier>
    </Filter>
    <Filter Include="World">
      <UniqueIdentifier>{db144afb-d148-45a3-a170-a96fc7c77839}</UniqueIdentifier>
    </Filter>
    <Filter Include="flatbuffers">
      <UniqueIdentifier>{dd7a7d75-0d93-450e-834c-8e053449af7d}</UniqueIdentifier>
    </Filter>
    <Filter Include="EventMessage">
      <UniqueIdentifier>{4c073c03-99dc-43c1-856a-543bfd3e8160}</UniqueIdentifier>
    </Filter>
    <Filter Include="GameData">
      <UniqueIdentifier>{3dc3bec8-9ede-465f-aeb0-602b835d1225}</UniqueIdentifier>
    </Filter>
  </ItemGroup>
  <!-- Engine core ClCompile -->
  <ItemGroup>
    <ClCompile Include="Grid\GridManager.cpp">
      <Filter>Grid</Filter>
    </ClCompile>
    <ClCompile Include="RingBuffer\RingBuffer.cpp">
      <Filter>RingBuffer</Filter>
    </ClCompile>
    <ClCompile Include="Random\RandomUtil.cpp">
      <Filter>Random</Filter>
    </ClCompile>
    <ClCompile Include="Time\TimeStamp.cpp">
      <Filter>Time</Filter>
    </ClCompile>
    <ClCompile Include="EventBroker\NonThreadSafeBus.h">
      <Filter>EventBroker</Filter>
    </ClCompile>
    <!-- Game ClCompile (moved) -->
    <ClCompile Include="Actor\Actor.cpp">
      <Filter>Actor</Filter>
    </ClCompile>
    <ClCompile Include="Actor\ActorFactory.cpp">
      <Filter>Actor</Filter>
    </ClCompile>
    <ClCompile Include="AI\BTDebugManager.cpp">
      <Filter>AI</Filter>
    </ClCompile>
    <ClCompile Include="AI\BTDebugSync.cpp">
      <Filter>AI</Filter>
    </ClCompile>
    <ClCompile Include="AI\BehaviorTreeCPP.cpp">
      <Filter>AI</Filter>
    </ClCompile>
    <ClCompile Include="Actor\Character.cpp">
      <Filter>Actor</Filter>
    </ClCompile>
    <ClCompile Include="GameObject\Component.h">
      <Filter>GameObject</Filter>
    </ClCompile>
    <ClCompile Include="GameMode\GameMode.cpp">
      <Filter>GameMode</Filter>
    </ClCompile>
    <ClCompile Include="GameMode\GameModeFactory.cpp">
      <Filter>GameMode</Filter>
    </ClCompile>
    <ClCompile Include="skill\JumpSkill.cpp">
      <Filter>skill</Filter>
    </ClCompile>
    <ClCompile Include="Quest\LimitedTimeQuest.cpp">
      <Filter>Quest</Filter>
    </ClCompile>
    <ClCompile Include="AI\LuaObject.cpp">
      <Filter>AI</Filter>
    </ClCompile>
    <ClCompile Include="Quest\MainQuest.cpp">
      <Filter>Quest</Filter>
    </ClCompile>
    <ClCompile Include="Map\Map.cpp">
      <Filter>Map</Filter>
    </ClCompile>
    <ClCompile Include="Item\ItemFactory.cpp">
      <Filter>Item</Filter>
    </ClCompile>
    <ClCompile Include="Actor\Monster.cpp">
      <Filter>Actor</Filter>
    </ClCompile>
    <ClCompile Include="AI\MonsterBT.cpp">
      <Filter>AI</Filter>
    </ClCompile>
    <ClCompile Include="AI\MonsterCodeBaseBT.cpp">
      <Filter>AI</Filter>
    </ClCompile>
    <ClCompile Include="World\NavMesh.cpp">
      <Filter>World</Filter>
    </ClCompile>
    <ClCompile Include="World\CrowdNavMovement.cpp">
      <Filter>World</Filter>
    </ClCompile>
    <ClCompile Include="World\WaypointNavMovement.cpp">
      <Filter>World</Filter>
    </ClCompile>
    <ClCompile Include="World\NavMovementFactory.cpp">
      <Filter>World</Filter>
    </ClCompile>
    <ClCompile Include="skill\NormalAttackSkill.cpp">
      <Filter>skill</Filter>
    </ClCompile>
    <ClCompile Include="System\PerfTimer.cpp">
      <Filter>System</Filter>
    </ClCompile>
    <ClCompile Include="System\DbThreadMonitor.cpp">
      <Filter>System</Filter>
    </ClCompile>
    <ClCompile Include="Player\Player.cpp">
      <Filter>Player</Filter>
    </ClCompile>
    <ClCompile Include="Controller\PlayerController.cpp">
      <Filter>Controller</Filter>
    </ClCompile>
    <ClCompile Include="Player\PlayerRepository.cpp">
      <Filter>Player</Filter>
    </ClCompile>
    <ClCompile Include="Player\PlayerItem.cpp">
      <Filter>Player</Filter>
    </ClCompile>
    <ClCompile Include="Player\PlayerQuest.cpp">
      <Filter>Player</Filter>
    </ClCompile>
    <ClCompile Include="Player\PlayerSaveData.h">
      <Filter>Player</Filter>
    </ClCompile>
    <ClCompile Include="Player\PlayerSkill.cpp">
      <Filter>Player</Filter>
    </ClCompile>
    <ClCompile Include="Player\PlayerLevel.cpp">
      <Filter>Player</Filter>
    </ClCompile>
    <ClCompile Include="Level\Level.cpp">
      <Filter>Level</Filter>
    </ClCompile>
    <ClCompile Include="Level\LevelFactory.cpp">
      <Filter>Level</Filter>
    </ClCompile>
    <ClCompile Include="MonsterData\MonsterData.cpp">
      <Filter>MonsterData</Filter>
    </ClCompile>
    <ClCompile Include="MonsterData\MonsterDataFactory.cpp">
      <Filter>MonsterData</Filter>
    </ClCompile>
    <ClCompile Include="Quest\Quest.cpp">
      <Filter>Quest</Filter>
    </ClCompile>
    <ClCompile Include="Quest\QuestFactory.cpp">
      <Filter>Quest</Filter>
    </ClCompile>
    <ClCompile Include="Quest\RepeatedQuest.cpp">
      <Filter>Quest</Filter>
    </ClCompile>
    <ClCompile Include="Server.cpp" />
    <ClCompile Include="skill\Skill.cpp">
      <Filter>skill</Filter>
    </ClCompile>
    <ClCompile Include="skill\SkillFactory.cpp">
      <Filter>skill</Filter>
    </ClCompile>
    <ClCompile Include="skill\SkillEffects.cpp">
      <Filter>skill</Filter>
    </ClCompile>
    <ClCompile Include="skill\SkillRegistry.cpp">
      <Filter>skill</Filter>
    </ClCompile>
    <ClCompile Include="skill\SkillSet.cpp">
      <Filter>skill</Filter>
    </ClCompile>
    <ClCompile Include="Actor\CombatSystem.cpp">
      <Filter>Actor</Filter>
    </ClCompile>
    <ClCompile Include="SQL\SqlClient.cpp">
      <Filter>SQL</Filter>
    </ClCompile>
    <ClCompile Include="SQL\SqlClientManager.cpp">
      <Filter>SQL</Filter>
    </ClCompile>
    <ClCompile Include="SQL\generated\dao.cpp">
      <Filter>SQL</Filter>
    </ClCompile>
    <ClCompile Include="Movement\Vector3.cpp">
      <Filter>Movement</Filter>
    </ClCompile>
    <ClCompile Include="Movement\WalkerTest.cpp">
      <Filter>Movement</Filter>
    </ClCompile>
    <ClCompile Include="World\World.cpp">
      <Filter>World</Filter>
    </ClCompile>
    <ClCompile Include="GameData\ResourceLoader.cpp">
      <Filter>GameData</Filter>
    </ClCompile>
  </ItemGroup>
  <!-- Engine core ClInclude -->
  <ItemGroup>
    <ClInclude Include="EventBroker\BoostConcurrentQueue.h">
      <Filter>EventBroker</Filter>
    </ClInclude>
    <ClInclude Include="ECS\CacheOptimizedSystem.h">
      <Filter>ECS</Filter>
    </ClInclude>
    <ClInclude Include="ECS\ComponentRegistry.h">
      <Filter>ECS</Filter>
    </ClInclude>
    <ClInclude Include="ECS\Components.h">
      <Filter>ECS</Filter>
    </ClInclude>
    <ClInclude Include="ECS\ECS.h">
      <Filter>ECS</Filter>
    </ClInclude>
    <ClInclude Include="EventBroker\EventBroker.h">
      <Filter>EventBroker</Filter>
    </ClInclude>
    <ClInclude Include="EventBroker\EventBus.h">
      <Filter>EventBroker</Filter>
    </ClInclude>
    <ClInclude Include="EventBroker\EventPolicy.h">
      <Filter>EventBroker</Filter>
    </ClInclude>
    <ClInclude Include="EventBroker\EventQueue.h">
      <Filter>EventBroker</Filter>
    </ClInclude>
    <ClInclude Include="Grid\GridManager.h">
      <Filter>Grid</Filter>
    </ClInclude>
    <ClInclude Include="Grid\IGridActor.h">
      <Filter>Grid</Filter>
    </ClInclude>
    <ClInclude Include="EventBroker\MoodycamelConcurrentQueue.h">
      <Filter>EventBroker</Filter>
    </ClInclude>
    <ClInclude Include="EventBroker\NonThreadSafe.h">
      <Filter>EventBroker</Filter>
    </ClInclude>
    <ClInclude Include="EventBroker\NonThreadSafeQueue.h">
      <Filter>EventBroker</Filter>
    </ClInclude>
    <ClInclude Include="Random\RandomUtil.h">
      <Filter>Random</Filter>
    </ClInclude>
    <ClInclude Include="RingBuffer\RingBuffer.h">
      <Filter>RingBuffer</Filter>
    </ClInclude>
    <ClInclude Include="ECS\SystemManager.h">
      <Filter>ECS</Filter>
    </ClInclude>
    <ClInclude Include="ECS\Systems.h">
      <Filter>ECS</Filter>
    </ClInclude>
    <ClInclude Include="EventBroker\ThreadSafe.h">
      <Filter>EventBroker</Filter>
    </ClInclude>
    <ClInclude Include="Time\TimeStamp.h">
      <Filter>Time</Filter>
    </ClInclude>
    <!-- Game headers (moved) -->
    <ClInclude Include="Actor\Actor.h">
      <Filter>Actor</Filter>
    </ClInclude>
    <ClInclude Include="Actor\ActorFactory.h">
      <Filter>Actor</Filter>
    </ClInclude>
    <ClInclude Include="Item\BaseItem.h">
      <Filter>Item</Filter>
    </ClInclude>
    <ClInclude Include="skill\CastContext.h">
      <Filter>skill</Filter>
    </ClInclude>
    <ClInclude Include="skill\SkillState.h">
      <Filter>skill</Filter>
    </ClInclude>
    <ClInclude Include="skill\SkillEffects.h">
      <Filter>skill</Filter>
    </ClInclude>
    <ClInclude Include="skill\SkillRegistry.h">
      <Filter>skill</Filter>
    </ClInclude>
    <ClInclude Include="skill\SkillSet.h">
      <Filter>skill</Filter>
    </ClInclude>
    <ClInclude Include="Actor\CombatSystem.h">
      <Filter>Actor</Filter>
    </ClInclude>
    <ClInclude Include="AI\BTDebugManager.h">
      <Filter>AI</Filter>
    </ClInclude>
    <ClInclude Include="AI\BTDebugSync.h">
      <Filter>AI</Filter>
    </ClInclude>
    <ClInclude Include="AI\BTDebugNodeIds.h">
      <Filter>AI</Filter>
    </ClInclude>
    <ClInclude Include="AI\BehaviorTreeCPP.h">
      <Filter>AI</Filter>
    </ClInclude>
    <ClInclude Include="Actor\Character.h">
      <Filter>Actor</Filter>
    </ClInclude>
    <ClInclude Include="System\Common.h">
      <Filter>System</Filter>
    </ClInclude>
    <ClInclude Include="GameObject\ComponentTypeId.h">
      <Filter>GameObject</Filter>
    </ClInclude>
    <ClInclude Include="SQL\DbRecord.h">
      <Filter>SQL</Filter>
    </ClInclude>
    <ClInclude Include="GameMode\GameMode.h">
      <Filter>GameMode</Filter>
    </ClInclude>
    <ClInclude Include="GameMode\GameModeFactory.h">
      <Filter>GameMode</Filter>
    </ClInclude>
    <ClInclude Include="GameObject\GameObject.h">
      <Filter>GameObject</Filter>
    </ClInclude>
    <ClInclude Include="Item\Item.h">
      <Filter>Item</Filter>
    </ClInclude>
    <ClInclude Include="Item\ItemFactory.h">
      <Filter>Item</Filter>
    </ClInclude>
    <ClInclude Include="skill\JumpSkill.h">
      <Filter>skill</Filter>
    </ClInclude>
    <ClInclude Include="Quest\LimitedTimeQuest.h">
      <Filter>Quest</Filter>
    </ClInclude>
    <ClInclude Include="System\LogHelper.h">
      <Filter>System</Filter>
    </ClInclude>
    <ClInclude Include="AI\LuaObject.h">
      <Filter>AI</Filter>
    </ClInclude>
    <ClInclude Include="Quest\MainQuest.h">
      <Filter>Quest</Filter>
    </ClInclude>
    <ClInclude Include="Map\Map.h">
      <Filter>Map</Filter>
    </ClInclude>
    <ClInclude Include="Map\MapFactory.h">
      <Filter>Map</Filter>
    </ClInclude>
    <ClInclude Include="System\MathHelper.h">
      <Filter>System</Filter>
    </ClInclude>
    <ClInclude Include="Message\GameMessage.h">
      <Filter>Message</Filter>
    </ClInclude>
    <ClInclude Include="Actor\Monster.h">
      <Filter>Actor</Filter>
    </ClInclude>
    <ClInclude Include="AI\MonsterBT.h">
      <Filter>AI</Filter>
    </ClInclude>
    <ClInclude Include="AI\MonsterCodeBaseBT.h">
      <Filter>AI</Filter>
    </ClInclude>
    <ClInclude Include="World\NavMesh.h">
      <Filter>World</Filter>
    </ClInclude>
    <ClInclude Include="World\INavMovement.h">
      <Filter>World</Filter>
    </ClInclude>
    <ClInclude Include="World\CrowdNavMovement.h">
      <Filter>World</Filter>
    </ClInclude>
    <ClInclude Include="World\WaypointNavMovement.h">
      <Filter>World</Filter>
    </ClInclude>
    <ClInclude Include="World\NavMovementFactory.h">
      <Filter>World</Filter>
    </ClInclude>
    <ClInclude Include="skill\NormalAttackSkill.h">
      <Filter>skill</Filter>
    </ClInclude>
    <ClInclude Include="System\PerfTimer.h">
      <Filter>System</Filter>
    </ClInclude>
    <ClInclude Include="Player\Player.h">
      <Filter>Player</Filter>
    </ClInclude>
    <ClInclude Include="Controller\PlayerController.h">
      <Filter>Controller</Filter>
    </ClInclude>
    <ClInclude Include="Player\PlayerRepository.h">
      <Filter>Player</Filter>
    </ClInclude>
    <ClInclude Include="Player\PlayerItem.h">
      <Filter>Player</Filter>
    </ClInclude>
    <ClInclude Include="Player\PlayerLoadData.h">
      <Filter>Player</Filter>
    </ClInclude>
    <ClInclude Include="Player\PlayerQuest.h">
      <Filter>Player</Filter>
    </ClInclude>
    <ClInclude Include="Player\PlayerSkill.h">
      <Filter>Player</Filter>
    </ClInclude>
    <ClInclude Include="Player\PlayerLevel.h">
      <Filter>Player</Filter>
    </ClInclude>
    <ClInclude Include="Quest\Quest.h">
      <Filter>Quest</Filter>
    </ClInclude>
    <ClInclude Include="Level\Level.h">
      <Filter>Level</Filter>
    </ClInclude>
    <ClInclude Include="Level\LevelFactory.h">
      <Filter>Level</Filter>
    </ClInclude>
    <ClInclude Include="MonsterData\MonsterData.h">
      <Filter>MonsterData</Filter>
    </ClInclude>
    <ClInclude Include="MonsterData\MonsterDataFactory.h">
      <Filter>MonsterData</Filter>
    </ClInclude>
    <ClInclude Include="Quest\QuestFactory.h">
      <Filter>Quest</Filter>
    </ClInclude>
    <ClInclude Include="Quest\RepeatedQuest.h">
      <Filter>Quest</Filter>
    </ClInclude>
    <ClInclude Include="Message\SendMessage.h">
      <Filter>Message</Filter>
    </ClInclude>
    <ClInclude Include="Server.h" />
    <ClInclude Include="skill\Skill.h">
      <Filter>skill</Filter>
    </ClInclude>
    <ClInclude Include="skill\SkillFactory.h">
      <Filter>skill</Filter>
    </ClInclude>
    <ClInclude Include="SQL\SqlClient.h">
      <Filter>SQL</Filter>
    </ClInclude>
    <ClInclude Include="SQL\SqlClientManager.h">
      <Filter>SQL</Filter>
    </ClInclude>
    <ClInclude Include="SQL\generated\dao.h">
      <Filter>SQL</Filter>
    </ClInclude>
    <ClInclude Include="SQL\generated\vo.h">
      <Filter>SQL</Filter>
    </ClInclude>
    <ClInclude Include="flatbuffers\syncnet_generated.h">
      <Filter>flatbuffers</Filter>
    </ClInclude>
    <ClInclude Include="Movement\Vector3.h">
      <Filter>Movement</Filter>
    </ClInclude>
    <ClInclude Include="Movement\Walker.h">
      <Filter>Movement</Filter>
    </ClInclude>
    <ClInclude Include="World\World.h">
      <Filter>World</Filter>
    </ClInclude>
    <ClInclude Include="System\DbThreadMonitor.h">
      <Filter>System</Filter>
    </ClInclude>
    <ClInclude Include="System\DbChangeTracker.h">
      <Filter>System</Filter>
    </ClInclude>
    <ClInclude Include="EventMessage\EventMessage.h">
      <Filter>EventMessage</Filter>
    </ClInclude>
    <ClInclude Include="Player\PlayerEventBroker.h">
      <Filter>Player</Filter>
    </ClInclude>
    <ClInclude Include="Player\PlayerEventBrokerProxy.h">
      <Filter>Player</Filter>
    </ClInclude>
    <ClInclude Include="GameData\ResourceLoader.h">
      <Filter>GameData</Filter>
    </ClInclude>
    <ClInclude Include="GameData\gamedata.h">
      <Filter>GameData</Filter>
    </ClInclude>
    <ClInclude Include="Player\PlayerDbDispatcher.h">
      <Filter>Player</Filter>
    </ClInclude>
  </ItemGroup>
</Project>